// !$*UTF8*$!
{
	archiveVersion = 1;
	classes = {
	};
	objectVersion = 46;
	objects = {

/* Begin PBXFileReference section */
		B20946CA1B25D4430041992F /* test_alt_host.sh */ = {isa = PBXFileReference; fileEncoding = 4; lastKnownFileType = text.script.sh; path = test_alt_host.sh; sourceTree = "<group>"; };
		B20946CC1B2865BB0041992F /* h2_alpn.c */ = {isa = PBXFileReference; lastKnownFileType = sourcecode.c.c; path = h2_alpn.c; sourceTree = "<group>"; };
		B20946CD1B2865BB0041992F /* h2_alpn.h */ = {isa = PBXFileReference; lastKnownFileType = sourcecode.c.h; path = h2_alpn.h; sourceTree = "<group>"; };
		B20946CE1B29D8C30041992F /* sni_misdirect.patch */ = {isa = PBXFileReference; fileEncoding = 4; lastKnownFileType = text; path = sni_misdirect.patch; sourceTree = "<group>"; };
		B20E441F1ACC07E8003D21AE /* test_curl_get.sh */ = {isa = PBXFileReference; lastKnownFileType = text.script.sh; path = test_curl_get.sh; sourceTree = "<group>"; };
		B20E44201ACC088E003D21AE /* test_curl_post.sh */ = {isa = PBXFileReference; lastKnownFileType = text.script.sh; path = test_curl_post.sh; sourceTree = "<group>"; };
		B21BFCF91B023B840031EBCD /* h2_task_queue.c */ = {isa = PBXFileReference; lastKnownFileType = sourcecode.c.c; path = h2_task_queue.c; sourceTree = "<group>"; };
		B21BFCFA1B023B840031EBCD /* h2_task_queue.h */ = {isa = PBXFileReference; lastKnownFileType = sourcecode.c.h; path = h2_task_queue.h; sourceTree = "<group>"; };
		B225490C1A6EAC37004BDEC9 /* mod_h2.c */ = {isa = PBXFileReference; lastKnownFileType = sourcecode.c.c; path = mod_h2.c; sourceTree = "<group>"; };
		B225490D1A6EAE9F004BDEC9 /* h2_config.c */ = {isa = PBXFileReference; lastKnownFileType = sourcecode.c.c; path = h2_config.c; sourceTree = "<group>"; };
		B225490E1A6EAE9F004BDEC9 /* h2_config.h */ = {isa = PBXFileReference; lastKnownFileType = sourcecode.c.h; path = h2_config.h; sourceTree = "<group>"; };
		B225491E1A6FB8DF004BDEC9 /* h2_h2.c */ = {isa = PBXFileReference; lastKnownFileType = sourcecode.c.c; path = h2_h2.c; sourceTree = "<group>"; };
		B225491F1A6FB8DF004BDEC9 /* h2_h2.h */ = {isa = PBXFileReference; lastKnownFileType = sourcecode.c.h; path = h2_h2.h; sourceTree = "<group>"; };
		B22549331A6FBEF1004BDEC9 /* h2_ctx.c */ = {isa = PBXFileReference; lastKnownFileType = sourcecode.c.c; path = h2_ctx.c; sourceTree = "<group>"; };
		B22549341A6FBEF1004BDEC9 /* h2_ctx.h */ = {isa = PBXFileReference; lastKnownFileType = sourcecode.c.h; path = h2_ctx.h; sourceTree = "<group>"; };
		B22549361A6FCCAA004BDEC9 /* mod_h2.h */ = {isa = PBXFileReference; lastKnownFileType = sourcecode.c.h; path = mod_h2.h; sourceTree = "<group>"; };
		B22549371A6FCE13004BDEC9 /* h2_private.h */ = {isa = PBXFileReference; lastKnownFileType = sourcecode.c.h; path = h2_private.h; sourceTree = "<group>"; };
		B22549381A710329004BDEC9 /* h2_session.c */ = {isa = PBXFileReference; lastKnownFileType = sourcecode.c.c; path = h2_session.c; sourceTree = "<group>"; };
		B22549391A710329004BDEC9 /* h2_session.h */ = {isa = PBXFileReference; lastKnownFileType = sourcecode.c.h; path = h2_session.h; sourceTree = "<group>"; };
		B225493A1A711985004BDEC9 /* h2_conn_io.c */ = {isa = PBXFileReference; lastKnownFileType = sourcecode.c.c; path = h2_conn_io.c; sourceTree = "<group>"; };
		B225493B1A711985004BDEC9 /* h2_conn_io.h */ = {isa = PBXFileReference; lastKnownFileType = sourcecode.c.h; path = h2_conn_io.h; sourceTree = "<group>"; };
		B225493C1A713D18004BDEC9 /* h2_util.c */ = {isa = PBXFileReference; lastKnownFileType = sourcecode.c.c; path = h2_util.c; sourceTree = "<group>"; };
		B225493D1A713D18004BDEC9 /* h2_util.h */ = {isa = PBXFileReference; lastKnownFileType = sourcecode.c.h; path = h2_util.h; sourceTree = "<group>"; };
		B227966E1AEE93B000376B40 /* httpd-npn.unified.diff.patch */ = {isa = PBXFileReference; fileEncoding = 4; lastKnownFileType = text; path = "httpd-npn.unified.diff.patch"; sourceTree = "<group>"; };
		B22D25281AA89A0B0041D8E5 /* LICENSE */ = {isa = PBXFileReference; fileEncoding = 4; lastKnownFileType = text; path = LICENSE; sourceTree = "<group>"; };
		B24CB1221AC94D6A0057413B /* h2_alt_svc.c */ = {isa = PBXFileReference; lastKnownFileType = sourcecode.c.c; path = h2_alt_svc.c; sourceTree = "<group>"; };
		B24CB1231AC94D6A0057413B /* h2_alt_svc.h */ = {isa = PBXFileReference; lastKnownFileType = sourcecode.c.h; path = h2_alt_svc.h; sourceTree = "<group>"; };
		B24CB1241AC96BFE0057413B /* test_curl_altsvc.sh */ = {isa = PBXFileReference; lastKnownFileType = text.script.sh; path = test_curl_altsvc.sh; sourceTree = "<group>"; };
		B2546D881A7F71F80033A875 /* h2_task.c */ = {isa = PBXFileReference; lastKnownFileType = sourcecode.c.c; path = h2_task.c; sourceTree = "<group>"; };
		B2546D891A7F71F80033A875 /* h2_task.h */ = {isa = PBXFileReference; lastKnownFileType = sourcecode.c.h; path = h2_task.h; sourceTree = "<group>"; };
		B2546D8E1A7FA7D70033A875 /* h2_task_output.c */ = {isa = PBXFileReference; lastKnownFileType = sourcecode.c.c; path = h2_task_output.c; sourceTree = "<group>"; };
		B2546D8F1A7FA7D70033A875 /* h2_task_output.h */ = {isa = PBXFileReference; lastKnownFileType = sourcecode.c.h; path = h2_task_output.h; sourceTree = "<group>"; };
		B2546D971A7FC2A60033A875 /* h2_from_h1.c */ = {isa = PBXFileReference; lastKnownFileType = sourcecode.c.c; path = h2_from_h1.c; sourceTree = "<group>"; };
		B2546D981A7FC2A60033A875 /* h2_from_h1.h */ = {isa = PBXFileReference; lastKnownFileType = sourcecode.c.h; path = h2_from_h1.h; sourceTree = "<group>"; };
		B2546D991A81079D0033A875 /* h2_stream_set.c */ = {isa = PBXFileReference; lastKnownFileType = sourcecode.c.c; path = h2_stream_set.c; sourceTree = "<group>"; };
		B2546D9A1A81079D0033A875 /* h2_stream_set.h */ = {isa = PBXFileReference; lastKnownFileType = sourcecode.c.h; path = h2_stream_set.h; sourceTree = "<group>"; };
		B256C4BA1ADD5FF10042C760 /* README.md */ = {isa = PBXFileReference; fileEncoding = 4; lastKnownFileType = net.daringfireball.markdown; path = README.md; sourceTree = "<group>"; };
		B271425E1AB9DD59004EF82E /* h2_io_set.c */ = {isa = PBXFileReference; fileEncoding = 4; lastKnownFileType = sourcecode.c.c; path = h2_io_set.c; sourceTree = "<group>"; };
		B271425F1AB9DD59004EF82E /* h2_io_set.h */ = {isa = PBXFileReference; fileEncoding = 4; lastKnownFileType = sourcecode.c.h; path = h2_io_set.h; sourceTree = "<group>"; };
		B27142601AB9DD76004EF82E /* h2_io.c */ = {isa = PBXFileReference; lastKnownFileType = sourcecode.c.c; path = h2_io.c; sourceTree = "<group>"; };
		B27142611AB9DD76004EF82E /* h2_io.h */ = {isa = PBXFileReference; lastKnownFileType = sourcecode.c.h; path = h2_io.h; sourceTree = "<group>"; };
		B272F2311B1E13D8007A20A5 /* httpd-2.4.x-alpn-v4.patch */ = {isa = PBXFileReference; fileEncoding = 4; lastKnownFileType = text; path = "httpd-2.4.x-alpn-v4.patch"; sourceTree = "<group>"; };
		B27BBD2D1A6575C200C58A41 /* README */ = {isa = PBXFileReference; lastKnownFileType = text; path = README; sourceTree = "<group>"; };
		B27D32E81A9487B4003DBAF4 /* h2_mplx.c */ = {isa = PBXFileReference; lastKnownFileType = sourcecode.c.c; path = h2_mplx.c; sourceTree = "<group>"; };
		B27D32E91A9487B4003DBAF4 /* h2_mplx.h */ = {isa = PBXFileReference; lastKnownFileType = sourcecode.c.h; path = h2_mplx.h; sourceTree = "<group>"; };
		B284ACC91A7B9DF900C35863 /* h2_task_input.c */ = {isa = PBXFileReference; lastKnownFileType = sourcecode.c.c; path = h2_task_input.c; sourceTree = "<group>"; };
		B284ACCA1A7B9DF900C35863 /* h2_task_input.h */ = {isa = PBXFileReference; lastKnownFileType = sourcecode.c.h; path = h2_task_input.h; sourceTree = "<group>"; };
		B2A6EF171A9B598B005DFC5B /* h2_request.c */ = {isa = PBXFileReference; lastKnownFileType = sourcecode.c.c; path = h2_request.c; sourceTree = "<group>"; };
		B2A6EF181A9B598B005DFC5B /* h2_request.h */ = {isa = PBXFileReference; lastKnownFileType = sourcecode.c.h; path = h2_request.h; sourceTree = "<group>"; };
		B2A6EF281A9C79A6005DFC5B /* h2_upgrade.c */ = {isa = PBXFileReference; lastKnownFileType = sourcecode.c.c; path = h2_upgrade.c; sourceTree = "<group>"; };
		B2A6EF291A9C79A6005DFC5B /* h2_upgrade.h */ = {isa = PBXFileReference; lastKnownFileType = sourcecode.c.h; path = h2_upgrade.h; sourceTree = "<group>"; };
		B2A6EF2A1A9E3A93005DFC5B /* INSTALL */ = {isa = PBXFileReference; fileEncoding = 4; lastKnownFileType = text; path = INSTALL; sourceTree = "<group>"; };
		B2A6EF2C1A9F2452005DFC5B /* DISCUSS */ = {isa = PBXFileReference; fileEncoding = 4; lastKnownFileType = text; path = DISCUSS; sourceTree = "<group>"; };
		B2AABE611AC5A9B400A90B72 /* h2_version.h.in */ = {isa = PBXFileReference; fileEncoding = 4; lastKnownFileType = text; path = h2_version.h.in; sourceTree = "<group>"; xcLanguageSpecificationIdentifier = xcode.lang.c; };
		B2B170B31B2EC73400EDC007 /* test.example.org.conf */ = {isa = PBXFileReference; fileEncoding = 4; lastKnownFileType = text; path = test.example.org.conf; sourceTree = "<group>"; };
		B2B170B41B2F02C100EDC007 /* testrun */ = {isa = PBXFileReference; fileEncoding = 4; lastKnownFileType = text; path = testrun; sourceTree = "<group>"; };
		B2B170B61B303B0C00EDC007 /* noh2.example.org.x509.input */ = {isa = PBXFileReference; fileEncoding = 4; lastKnownFileType = text; path = noh2.example.org.x509.input; sourceTree = "<group>"; };
		B2B170B81B316FB100EDC007 /* aaa-noh2.example.org.conf */ = {isa = PBXFileReference; fileEncoding = 4; lastKnownFileType = text; path = "aaa-noh2.example.org.conf"; sourceTree = "<group>"; };
		B2B170B91B31BF7000EDC007 /* httpd-2.4.12-alpn-v5.patch */ = {isa = PBXFileReference; fileEncoding = 4; lastKnownFileType = text; path = "httpd-2.4.12-alpn-v5.patch"; sourceTree = "<group>"; };
		B2C16D251A779C55000B2297 /* h2_stream.c */ = {isa = PBXFileReference; lastKnownFileType = sourcecode.c.c; path = h2_stream.c; sourceTree = "<group>"; };
		B2C16D261A779C55000B2297 /* h2_stream.h */ = {isa = PBXFileReference; lastKnownFileType = sourcecode.c.h; path = h2_stream.h; sourceTree = "<group>"; };
		B2C631081B383EA800127D1E /* test-ser.example.org.conf */ = {isa = PBXFileReference; fileEncoding = 4; lastKnownFileType = text; path = "test-ser.example.org.conf"; sourceTree = "<group>"; };
		B2C6310C1B393CA100127D1E /* httpd-alpn-v4-v5.patch */ = {isa = PBXFileReference; fileEncoding = 4; lastKnownFileType = text; path = "httpd-alpn-v4-v5.patch"; sourceTree = "<group>"; };
		B2C63B0E1B39421B00127D1E /* openssl-1.0.2-alpn.patch */ = {isa = PBXFileReference; fileEncoding = 4; lastKnownFileType = text; path = "openssl-1.0.2-alpn.patch"; sourceTree = "<group>"; };
		B2C63B101B3BF78C00127D1E /* mpm_worker.load */ = {isa = PBXFileReference; fileEncoding = 4; lastKnownFileType = text; path = mpm_worker.load; sourceTree = "<group>"; };
		B2C63B121B3BF7CC00127D1E /* mpm_event.load */ = {isa = PBXFileReference; fileEncoding = 4; lastKnownFileType = text; path = mpm_event.load; sourceTree = "<group>"; };
		B2C63B131B3BF7CC00127D1E /* mpm_prefork.load */ = {isa = PBXFileReference; fileEncoding = 4; lastKnownFileType = text; path = mpm_prefork.load; sourceTree = "<group>"; };
		B2CB610E1A88BB9F00D270A6 /* h2_conn.c */ = {isa = PBXFileReference; lastKnownFileType = sourcecode.c.c; path = h2_conn.c; sourceTree = "<group>"; };
		B2CB610F1A88BB9F00D270A6 /* h2_conn.h */ = {isa = PBXFileReference; lastKnownFileType = sourcecode.c.h; path = h2_conn.h; sourceTree = "<group>"; };
		B2CB61101A8A0FB400D270A6 /* h2_response.c */ = {isa = PBXFileReference; lastKnownFileType = sourcecode.c.c; path = h2_response.c; sourceTree = "<group>"; };
		B2CB61111A8A0FB400D270A6 /* h2_response.h */ = {isa = PBXFileReference; lastKnownFileType = sourcecode.c.h; path = h2_response.h; sourceTree = "<group>"; };
		B2CB61141A8B698A00D270A6 /* h2_worker.c */ = {isa = PBXFileReference; lastKnownFileType = sourcecode.c.c; path = h2_worker.c; sourceTree = "<group>"; };
		B2CB61151A8B698A00D270A6 /* h2_worker.h */ = {isa = PBXFileReference; lastKnownFileType = sourcecode.c.h; path = h2_worker.h; sourceTree = "<group>"; };
		B2CB61161A8B699E00D270A6 /* h2_workers.c */ = {isa = PBXFileReference; lastKnownFileType = sourcecode.c.c; path = h2_workers.c; sourceTree = "<group>"; };
		B2CB61171A8B699E00D270A6 /* h2_workers.h */ = {isa = PBXFileReference; lastKnownFileType = sourcecode.c.h; path = h2_workers.h; sourceTree = "<group>"; };
		B2E5D5081AADAD28001FD280 /* Makefile.am */ = {isa = PBXFileReference; fileEncoding = 4; lastKnownFileType = text; path = Makefile.am; sourceTree = "<group>"; };
		B2E5D7841AAEEF8C001FD280 /* configure.ac */ = {isa = PBXFileReference; fileEncoding = 4; lastKnownFileType = text; path = configure.ac; sourceTree = "<group>"; xcLanguageSpecificationIdentifier = xcode.lang.sh; };
		B2E5D7851AAF1D87001FD280 /* Makefile.am */ = {isa = PBXFileReference; fileEncoding = 4; lastKnownFileType = text; path = Makefile.am; sourceTree = "<group>"; };
		B2E5D7861AAF1F4D001FD280 /* AUTHORS */ = {isa = PBXFileReference; fileEncoding = 4; lastKnownFileType = text; path = AUTHORS; sourceTree = "<group>"; };
		B2E5D7871AAF1F4D001FD280 /* ChangeLog */ = {isa = PBXFileReference; fileEncoding = 4; lastKnownFileType = text; path = ChangeLog; sourceTree = "<group>"; };
		B2E5D7881AAF1F4D001FD280 /* COPYING */ = {isa = PBXFileReference; fileEncoding = 4; lastKnownFileType = text; path = COPYING; sourceTree = "<group>"; };
		B2E5D7891AAF1F4D001FD280 /* NEWS */ = {isa = PBXFileReference; fileEncoding = 4; lastKnownFileType = text; path = NEWS; sourceTree = "<group>"; };
		B2E6DF771AC2E55800D557D8 /* Makefile.am */ = {isa = PBXFileReference; fileEncoding = 4; lastKnownFileType = text; path = Makefile.am; sourceTree = "<group>"; };
		B2E6DF781AC2E6A700D557D8 /* install-config.sh */ = {isa = PBXFileReference; lastKnownFileType = text.script.sh; path = "install-config.sh"; sourceTree = "<group>"; };
		B2E6DF7B1AC2EF6E00D557D8 /* .gitignore */ = {isa = PBXFileReference; fileEncoding = 4; lastKnownFileType = text; path = .gitignore; sourceTree = "<group>"; };
		B2E6DF7C1AC2EF6E00D557D8 /* get-openssl-latest.sh */ = {isa = PBXFileReference; fileEncoding = 4; lastKnownFileType = text.script.sh; path = "get-openssl-latest.sh"; sourceTree = "<group>"; };
		B2E6DF7D1AC2EF6E00D557D8 /* Makefile */ = {isa = PBXFileReference; fileEncoding = 4; lastKnownFileType = sourcecode.make; path = Makefile; sourceTree = "<group>"; };
		B2E6DF9E1AC2EF6E00D557D8 /* pcre-8.36.tar.gz */ = {isa = PBXFileReference; lastKnownFileType = archive.gzip; path = "pcre-8.36.tar.gz"; sourceTree = "<group>"; };
		B2E6DFA31AC2EF6E00D557D8 /* Makefile */ = {isa = PBXFileReference; fileEncoding = 4; lastKnownFileType = sourcecode.make; path = Makefile; sourceTree = "<group>"; };
		B2E6FDF81AC2EFA200D557D8 /* Makefile */ = {isa = PBXFileReference; fileEncoding = 4; lastKnownFileType = sourcecode.make; path = Makefile; sourceTree = "<group>"; };
		B2E6FDFA1AC2EFA200D557D8 /* httpd.conf */ = {isa = PBXFileReference; fileEncoding = 4; lastKnownFileType = text; path = httpd.conf; sourceTree = "<group>"; };
		B2E6FDFB1AC2EFA200D557D8 /* modules.conf */ = {isa = PBXFileReference; fileEncoding = 4; lastKnownFileType = text; path = modules.conf; sourceTree = "<group>"; };
		B2E6FDFD1AC2EFA200D557D8 /* mod-h2.greenbytes.de.conf */ = {isa = PBXFileReference; fileEncoding = 4; lastKnownFileType = text; path = "mod-h2.greenbytes.de.conf"; sourceTree = "<group>"; };
		B2E6FE001AC2EFA200D557D8 /* .gitignore */ = {isa = PBXFileReference; fileEncoding = 4; lastKnownFileType = text; path = .gitignore; sourceTree = "<group>"; };
		B2E6FE011AC2EFA200D557D8 /* ca.pem */ = {isa = PBXFileReference; fileEncoding = 4; lastKnownFileType = text; path = ca.pem; sourceTree = "<group>"; };
		B2E6FE021AC2EFA200D557D8 /* extensions.conf */ = {isa = PBXFileReference; fileEncoding = 4; lastKnownFileType = text; path = extensions.conf; sourceTree = "<group>"; };
		B2E6FE031AC2EFA200D557D8 /* mod-h2.greenbytes.de.key */ = {isa = PBXFileReference; fileEncoding = 4; lastKnownFileType = text; path = "mod-h2.greenbytes.de.key"; sourceTree = "<group>"; };
		B2E6FE041AC2EFA200D557D8 /* mod-h2.greenbytes.de.pem */ = {isa = PBXFileReference; fileEncoding = 4; lastKnownFileType = text; path = "mod-h2.greenbytes.de.pem"; sourceTree = "<group>"; };
		B2E6FE051AC2EFA200D557D8 /* test.example.org.x509.input */ = {isa = PBXFileReference; fileEncoding = 4; lastKnownFileType = text; path = test.example.org.x509.input; sourceTree = "<group>"; };
		B2E6FE091AC2EFA200D557D8 /* 001.html */ = {isa = PBXFileReference; fileEncoding = 4; lastKnownFileType = text.html; path = 001.html; sourceTree = "<group>"; };
		B2E6FE0A1AC2EFA200D557D8 /* 002.jpg */ = {isa = PBXFileReference; lastKnownFileType = image.jpeg; path = 002.jpg; sourceTree = "<group>"; };
		B2E6FE0C1AC2EFA200D557D8 /* 003_img.jpg */ = {isa = PBXFileReference; lastKnownFileType = image.jpeg; path = 003_img.jpg; sourceTree = "<group>"; };
		B2E6FE0D1AC2EFA200D557D8 /* 003.html */ = {isa = PBXFileReference; fileEncoding = 4; lastKnownFileType = text.html; path = 003.html; sourceTree = "<group>"; };
		B2E6FE0F1AC2EFA200D557D8 /* gophertiles.jpg */ = {isa = PBXFileReference; lastKnownFileType = image.jpeg; path = gophertiles.jpg; sourceTree = "<group>"; };
		B2E6FE101AC2EFA200D557D8 /* gophertiles_002.jpg */ = {isa = PBXFileReference; lastKnownFileType = image.jpeg; path = gophertiles_002.jpg; sourceTree = "<group>"; };
		B2E6FE111AC2EFA200D557D8 /* gophertiles_003.jpg */ = {isa = PBXFileReference; lastKnownFileType = image.jpeg; path = gophertiles_003.jpg; sourceTree = "<group>"; };
		B2E6FE121AC2EFA200D557D8 /* gophertiles_004.jpg */ = {isa = PBXFileReference; lastKnownFileType = image.jpeg; path = gophertiles_004.jpg; sourceTree = "<group>"; };
		B2E6FE131AC2EFA200D557D8 /* gophertiles_005.jpg */ = {isa = PBXFileReference; lastKnownFileType = image.jpeg; path = gophertiles_005.jpg; sourceTree = "<group>"; };
		B2E6FE141AC2EFA200D557D8 /* gophertiles_006.jpg */ = {isa = PBXFileReference; lastKnownFileType = image.jpeg; path = gophertiles_006.jpg; sourceTree = "<group>"; };
		B2E6FE151AC2EFA200D557D8 /* gophertiles_007.jpg */ = {isa = PBXFileReference; lastKnownFileType = image.jpeg; path = gophertiles_007.jpg; sourceTree = "<group>"; };
		B2E6FE161AC2EFA200D557D8 /* gophertiles_008.jpg */ = {isa = PBXFileReference; lastKnownFileType = image.jpeg; path = gophertiles_008.jpg; sourceTree = "<group>"; };
		B2E6FE171AC2EFA200D557D8 /* gophertiles_009.jpg */ = {isa = PBXFileReference; lastKnownFileType = image.jpeg; path = gophertiles_009.jpg; sourceTree = "<group>"; };
		B2E6FE181AC2EFA200D557D8 /* gophertiles_010.jpg */ = {isa = PBXFileReference; lastKnownFileType = image.jpeg; path = gophertiles_010.jpg; sourceTree = "<group>"; };
		B2E6FE191AC2EFA200D557D8 /* gophertiles_011.jpg */ = {isa = PBXFileReference; lastKnownFileType = image.jpeg; path = gophertiles_011.jpg; sourceTree = "<group>"; };
		B2E6FE1A1AC2EFA200D557D8 /* gophertiles_012.jpg */ = {isa = PBXFileReference; lastKnownFileType = image.jpeg; path = gophertiles_012.jpg; sourceTree = "<group>"; };
		B2E6FE1B1AC2EFA200D557D8 /* gophertiles_013.jpg */ = {isa = PBXFileReference; lastKnownFileType = image.jpeg; path = gophertiles_013.jpg; sourceTree = "<group>"; };
		B2E6FE1C1AC2EFA200D557D8 /* gophertiles_014.jpg */ = {isa = PBXFileReference; lastKnownFileType = image.jpeg; path = gophertiles_014.jpg; sourceTree = "<group>"; };
		B2E6FE1D1AC2EFA200D557D8 /* gophertiles_015.jpg */ = {isa = PBXFileReference; lastKnownFileType = image.jpeg; path = gophertiles_015.jpg; sourceTree = "<group>"; };
		B2E6FE1E1AC2EFA200D557D8 /* gophertiles_016.jpg */ = {isa = PBXFileReference; lastKnownFileType = image.jpeg; path = gophertiles_016.jpg; sourceTree = "<group>"; };
		B2E6FE1F1AC2EFA200D557D8 /* gophertiles_017.jpg */ = {isa = PBXFileReference; lastKnownFileType = image.jpeg; path = gophertiles_017.jpg; sourceTree = "<group>"; };
		B2E6FE201AC2EFA200D557D8 /* gophertiles_018.jpg */ = {isa = PBXFileReference; lastKnownFileType = image.jpeg; path = gophertiles_018.jpg; sourceTree = "<group>"; };
		B2E6FE211AC2EFA200D557D8 /* gophertiles_019.jpg */ = {isa = PBXFileReference; lastKnownFileType = image.jpeg; path = gophertiles_019.jpg; sourceTree = "<group>"; };
		B2E6FE221AC2EFA200D557D8 /* gophertiles_020.jpg */ = {isa = PBXFileReference; lastKnownFileType = image.jpeg; path = gophertiles_020.jpg; sourceTree = "<group>"; };
		B2E6FE231AC2EFA200D557D8 /* gophertiles_021.jpg */ = {isa = PBXFileReference; lastKnownFileType = image.jpeg; path = gophertiles_021.jpg; sourceTree = "<group>"; };
		B2E6FE241AC2EFA200D557D8 /* gophertiles_022.jpg */ = {isa = PBXFileReference; lastKnownFileType = image.jpeg; path = gophertiles_022.jpg; sourceTree = "<group>"; };
		B2E6FE251AC2EFA200D557D8 /* gophertiles_023.jpg */ = {isa = PBXFileReference; lastKnownFileType = image.jpeg; path = gophertiles_023.jpg; sourceTree = "<group>"; };
		B2E6FE261AC2EFA200D557D8 /* gophertiles_024.jpg */ = {isa = PBXFileReference; lastKnownFileType = image.jpeg; path = gophertiles_024.jpg; sourceTree = "<group>"; };
		B2E6FE271AC2EFA200D557D8 /* gophertiles_025.jpg */ = {isa = PBXFileReference; lastKnownFileType = image.jpeg; path = gophertiles_025.jpg; sourceTree = "<group>"; };
		B2E6FE281AC2EFA200D557D8 /* gophertiles_026.jpg */ = {isa = PBXFileReference; lastKnownFileType = image.jpeg; path = gophertiles_026.jpg; sourceTree = "<group>"; };
		B2E6FE291AC2EFA200D557D8 /* gophertiles_027.jpg */ = {isa = PBXFileReference; lastKnownFileType = image.jpeg; path = gophertiles_027.jpg; sourceTree = "<group>"; };
		B2E6FE2A1AC2EFA200D557D8 /* gophertiles_028.jpg */ = {isa = PBXFileReference; lastKnownFileType = image.jpeg; path = gophertiles_028.jpg; sourceTree = "<group>"; };
		B2E6FE2B1AC2EFA200D557D8 /* gophertiles_029.jpg */ = {isa = PBXFileReference; lastKnownFileType = image.jpeg; path = gophertiles_029.jpg; sourceTree = "<group>"; };
		B2E6FE2C1AC2EFA200D557D8 /* gophertiles_030.jpg */ = {isa = PBXFileReference; lastKnownFileType = image.jpeg; path = gophertiles_030.jpg; sourceTree = "<group>"; };
		B2E6FE2D1AC2EFA200D557D8 /* gophertiles_031.jpg */ = {isa = PBXFileReference; lastKnownFileType = image.jpeg; path = gophertiles_031.jpg; sourceTree = "<group>"; };
		B2E6FE2E1AC2EFA200D557D8 /* gophertiles_032.jpg */ = {isa = PBXFileReference; lastKnownFileType = image.jpeg; path = gophertiles_032.jpg; sourceTree = "<group>"; };
		B2E6FE2F1AC2EFA200D557D8 /* gophertiles_033.jpg */ = {isa = PBXFileReference; lastKnownFileType = image.jpeg; path = gophertiles_033.jpg; sourceTree = "<group>"; };
		B2E6FE301AC2EFA200D557D8 /* gophertiles_034.jpg */ = {isa = PBXFileReference; lastKnownFileType = image.jpeg; path = gophertiles_034.jpg; sourceTree = "<group>"; };
		B2E6FE311AC2EFA200D557D8 /* gophertiles_035.jpg */ = {isa = PBXFileReference; lastKnownFileType = image.jpeg; path = gophertiles_035.jpg; sourceTree = "<group>"; };
		B2E6FE321AC2EFA200D557D8 /* gophertiles_036.jpg */ = {isa = PBXFileReference; lastKnownFileType = image.jpeg; path = gophertiles_036.jpg; sourceTree = "<group>"; };
		B2E6FE331AC2EFA200D557D8 /* gophertiles_037.jpg */ = {isa = PBXFileReference; lastKnownFileType = image.jpeg; path = gophertiles_037.jpg; sourceTree = "<group>"; };
		B2E6FE341AC2EFA200D557D8 /* gophertiles_038.jpg */ = {isa = PBXFileReference; lastKnownFileType = image.jpeg; path = gophertiles_038.jpg; sourceTree = "<group>"; };
		B2E6FE351AC2EFA200D557D8 /* gophertiles_039.jpg */ = {isa = PBXFileReference; lastKnownFileType = image.jpeg; path = gophertiles_039.jpg; sourceTree = "<group>"; };
		B2E6FE361AC2EFA200D557D8 /* gophertiles_040.jpg */ = {isa = PBXFileReference; lastKnownFileType = image.jpeg; path = gophertiles_040.jpg; sourceTree = "<group>"; };
		B2E6FE371AC2EFA200D557D8 /* gophertiles_041.jpg */ = {isa = PBXFileReference; lastKnownFileType = image.jpeg; path = gophertiles_041.jpg; sourceTree = "<group>"; };
		B2E6FE381AC2EFA200D557D8 /* gophertiles_042.jpg */ = {isa = PBXFileReference; lastKnownFileType = image.jpeg; path = gophertiles_042.jpg; sourceTree = "<group>"; };
		B2E6FE391AC2EFA200D557D8 /* gophertiles_043.jpg */ = {isa = PBXFileReference; lastKnownFileType = image.jpeg; path = gophertiles_043.jpg; sourceTree = "<group>"; };
		B2E6FE3A1AC2EFA200D557D8 /* gophertiles_044.jpg */ = {isa = PBXFileReference; lastKnownFileType = image.jpeg; path = gophertiles_044.jpg; sourceTree = "<group>"; };
		B2E6FE3B1AC2EFA200D557D8 /* gophertiles_045.jpg */ = {isa = PBXFileReference; lastKnownFileType = image.jpeg; path = gophertiles_045.jpg; sourceTree = "<group>"; };
		B2E6FE3C1AC2EFA200D557D8 /* gophertiles_046.jpg */ = {isa = PBXFileReference; lastKnownFileType = image.jpeg; path = gophertiles_046.jpg; sourceTree = "<group>"; };
		B2E6FE3D1AC2EFA200D557D8 /* gophertiles_047.jpg */ = {isa = PBXFileReference; lastKnownFileType = image.jpeg; path = gophertiles_047.jpg; sourceTree = "<group>"; };
		B2E6FE3E1AC2EFA200D557D8 /* gophertiles_048.jpg */ = {isa = PBXFileReference; lastKnownFileType = image.jpeg; path = gophertiles_048.jpg; sourceTree = "<group>"; };
		B2E6FE3F1AC2EFA200D557D8 /* gophertiles_049.jpg */ = {isa = PBXFileReference; lastKnownFileType = image.jpeg; path = gophertiles_049.jpg; sourceTree = "<group>"; };
		B2E6FE401AC2EFA200D557D8 /* gophertiles_050.jpg */ = {isa = PBXFileReference; lastKnownFileType = image.jpeg; path = gophertiles_050.jpg; sourceTree = "<group>"; };
		B2E6FE411AC2EFA200D557D8 /* gophertiles_051.jpg */ = {isa = PBXFileReference; lastKnownFileType = image.jpeg; path = gophertiles_051.jpg; sourceTree = "<group>"; };
		B2E6FE421AC2EFA200D557D8 /* gophertiles_052.jpg */ = {isa = PBXFileReference; lastKnownFileType = image.jpeg; path = gophertiles_052.jpg; sourceTree = "<group>"; };
		B2E6FE431AC2EFA200D557D8 /* gophertiles_053.jpg */ = {isa = PBXFileReference; lastKnownFileType = image.jpeg; path = gophertiles_053.jpg; sourceTree = "<group>"; };
		B2E6FE441AC2EFA200D557D8 /* gophertiles_054.jpg */ = {isa = PBXFileReference; lastKnownFileType = image.jpeg; path = gophertiles_054.jpg; sourceTree = "<group>"; };
		B2E6FE451AC2EFA200D557D8 /* gophertiles_055.jpg */ = {isa = PBXFileReference; lastKnownFileType = image.jpeg; path = gophertiles_055.jpg; sourceTree = "<group>"; };
		B2E6FE461AC2EFA200D557D8 /* gophertiles_056.jpg */ = {isa = PBXFileReference; lastKnownFileType = image.jpeg; path = gophertiles_056.jpg; sourceTree = "<group>"; };
		B2E6FE471AC2EFA200D557D8 /* gophertiles_057.jpg */ = {isa = PBXFileReference; lastKnownFileType = image.jpeg; path = gophertiles_057.jpg; sourceTree = "<group>"; };
		B2E6FE481AC2EFA200D557D8 /* gophertiles_058.jpg */ = {isa = PBXFileReference; lastKnownFileType = image.jpeg; path = gophertiles_058.jpg; sourceTree = "<group>"; };
		B2E6FE491AC2EFA200D557D8 /* gophertiles_059.jpg */ = {isa = PBXFileReference; lastKnownFileType = image.jpeg; path = gophertiles_059.jpg; sourceTree = "<group>"; };
		B2E6FE4A1AC2EFA200D557D8 /* gophertiles_060.jpg */ = {isa = PBXFileReference; lastKnownFileType = image.jpeg; path = gophertiles_060.jpg; sourceTree = "<group>"; };
		B2E6FE4B1AC2EFA200D557D8 /* gophertiles_061.jpg */ = {isa = PBXFileReference; lastKnownFileType = image.jpeg; path = gophertiles_061.jpg; sourceTree = "<group>"; };
		B2E6FE4C1AC2EFA200D557D8 /* gophertiles_062.jpg */ = {isa = PBXFileReference; lastKnownFileType = image.jpeg; path = gophertiles_062.jpg; sourceTree = "<group>"; };
		B2E6FE4D1AC2EFA200D557D8 /* gophertiles_063.jpg */ = {isa = PBXFileReference; lastKnownFileType = image.jpeg; path = gophertiles_063.jpg; sourceTree = "<group>"; };
		B2E6FE4E1AC2EFA200D557D8 /* gophertiles_064.jpg */ = {isa = PBXFileReference; lastKnownFileType = image.jpeg; path = gophertiles_064.jpg; sourceTree = "<group>"; };
		B2E6FE4F1AC2EFA200D557D8 /* gophertiles_065.jpg */ = {isa = PBXFileReference; lastKnownFileType = image.jpeg; path = gophertiles_065.jpg; sourceTree = "<group>"; };
		B2E6FE501AC2EFA200D557D8 /* gophertiles_066.jpg */ = {isa = PBXFileReference; lastKnownFileType = image.jpeg; path = gophertiles_066.jpg; sourceTree = "<group>"; };
		B2E6FE511AC2EFA200D557D8 /* gophertiles_067.jpg */ = {isa = PBXFileReference; lastKnownFileType = image.jpeg; path = gophertiles_067.jpg; sourceTree = "<group>"; };
		B2E6FE521AC2EFA200D557D8 /* gophertiles_068.jpg */ = {isa = PBXFileReference; lastKnownFileType = image.jpeg; path = gophertiles_068.jpg; sourceTree = "<group>"; };
		B2E6FE531AC2EFA200D557D8 /* gophertiles_069.jpg */ = {isa = PBXFileReference; lastKnownFileType = image.jpeg; path = gophertiles_069.jpg; sourceTree = "<group>"; };
		B2E6FE541AC2EFA200D557D8 /* gophertiles_070.jpg */ = {isa = PBXFileReference; lastKnownFileType = image.jpeg; path = gophertiles_070.jpg; sourceTree = "<group>"; };
		B2E6FE551AC2EFA200D557D8 /* gophertiles_071.jpg */ = {isa = PBXFileReference; lastKnownFileType = image.jpeg; path = gophertiles_071.jpg; sourceTree = "<group>"; };
		B2E6FE561AC2EFA200D557D8 /* gophertiles_072.jpg */ = {isa = PBXFileReference; lastKnownFileType = image.jpeg; path = gophertiles_072.jpg; sourceTree = "<group>"; };
		B2E6FE571AC2EFA200D557D8 /* gophertiles_073.jpg */ = {isa = PBXFileReference; lastKnownFileType = image.jpeg; path = gophertiles_073.jpg; sourceTree = "<group>"; };
		B2E6FE581AC2EFA200D557D8 /* gophertiles_074.jpg */ = {isa = PBXFileReference; lastKnownFileType = image.jpeg; path = gophertiles_074.jpg; sourceTree = "<group>"; };
		B2E6FE591AC2EFA200D557D8 /* gophertiles_075.jpg */ = {isa = PBXFileReference; lastKnownFileType = image.jpeg; path = gophertiles_075.jpg; sourceTree = "<group>"; };
		B2E6FE5A1AC2EFA200D557D8 /* gophertiles_076.jpg */ = {isa = PBXFileReference; lastKnownFileType = image.jpeg; path = gophertiles_076.jpg; sourceTree = "<group>"; };
		B2E6FE5B1AC2EFA200D557D8 /* gophertiles_077.jpg */ = {isa = PBXFileReference; lastKnownFileType = image.jpeg; path = gophertiles_077.jpg; sourceTree = "<group>"; };
		B2E6FE5C1AC2EFA200D557D8 /* gophertiles_078.jpg */ = {isa = PBXFileReference; lastKnownFileType = image.jpeg; path = gophertiles_078.jpg; sourceTree = "<group>"; };
		B2E6FE5D1AC2EFA200D557D8 /* gophertiles_079.jpg */ = {isa = PBXFileReference; lastKnownFileType = image.jpeg; path = gophertiles_079.jpg; sourceTree = "<group>"; };
		B2E6FE5E1AC2EFA200D557D8 /* gophertiles_080.jpg */ = {isa = PBXFileReference; lastKnownFileType = image.jpeg; path = gophertiles_080.jpg; sourceTree = "<group>"; };
		B2E6FE5F1AC2EFA200D557D8 /* gophertiles_081.jpg */ = {isa = PBXFileReference; lastKnownFileType = image.jpeg; path = gophertiles_081.jpg; sourceTree = "<group>"; };
		B2E6FE601AC2EFA200D557D8 /* gophertiles_082.jpg */ = {isa = PBXFileReference; lastKnownFileType = image.jpeg; path = gophertiles_082.jpg; sourceTree = "<group>"; };
		B2E6FE611AC2EFA200D557D8 /* gophertiles_083.jpg */ = {isa = PBXFileReference; lastKnownFileType = image.jpeg; path = gophertiles_083.jpg; sourceTree = "<group>"; };
		B2E6FE621AC2EFA200D557D8 /* gophertiles_084.jpg */ = {isa = PBXFileReference; lastKnownFileType = image.jpeg; path = gophertiles_084.jpg; sourceTree = "<group>"; };
		B2E6FE631AC2EFA200D557D8 /* gophertiles_085.jpg */ = {isa = PBXFileReference; lastKnownFileType = image.jpeg; path = gophertiles_085.jpg; sourceTree = "<group>"; };
		B2E6FE641AC2EFA200D557D8 /* gophertiles_086.jpg */ = {isa = PBXFileReference; lastKnownFileType = image.jpeg; path = gophertiles_086.jpg; sourceTree = "<group>"; };
		B2E6FE651AC2EFA200D557D8 /* gophertiles_087.jpg */ = {isa = PBXFileReference; lastKnownFileType = image.jpeg; path = gophertiles_087.jpg; sourceTree = "<group>"; };
		B2E6FE661AC2EFA200D557D8 /* gophertiles_088.jpg */ = {isa = PBXFileReference; lastKnownFileType = image.jpeg; path = gophertiles_088.jpg; sourceTree = "<group>"; };
		B2E6FE671AC2EFA200D557D8 /* gophertiles_089.jpg */ = {isa = PBXFileReference; lastKnownFileType = image.jpeg; path = gophertiles_089.jpg; sourceTree = "<group>"; };
		B2E6FE681AC2EFA200D557D8 /* gophertiles_090.jpg */ = {isa = PBXFileReference; lastKnownFileType = image.jpeg; path = gophertiles_090.jpg; sourceTree = "<group>"; };
		B2E6FE691AC2EFA200D557D8 /* gophertiles_091.jpg */ = {isa = PBXFileReference; lastKnownFileType = image.jpeg; path = gophertiles_091.jpg; sourceTree = "<group>"; };
		B2E6FE6A1AC2EFA200D557D8 /* gophertiles_092.jpg */ = {isa = PBXFileReference; lastKnownFileType = image.jpeg; path = gophertiles_092.jpg; sourceTree = "<group>"; };
		B2E6FE6B1AC2EFA200D557D8 /* gophertiles_093.jpg */ = {isa = PBXFileReference; lastKnownFileType = image.jpeg; path = gophertiles_093.jpg; sourceTree = "<group>"; };
		B2E6FE6C1AC2EFA200D557D8 /* gophertiles_094.jpg */ = {isa = PBXFileReference; lastKnownFileType = image.jpeg; path = gophertiles_094.jpg; sourceTree = "<group>"; };
		B2E6FE6D1AC2EFA200D557D8 /* gophertiles_095.jpg */ = {isa = PBXFileReference; lastKnownFileType = image.jpeg; path = gophertiles_095.jpg; sourceTree = "<group>"; };
		B2E6FE6E1AC2EFA200D557D8 /* gophertiles_096.jpg */ = {isa = PBXFileReference; lastKnownFileType = image.jpeg; path = gophertiles_096.jpg; sourceTree = "<group>"; };
		B2E6FE6F1AC2EFA200D557D8 /* gophertiles_097.jpg */ = {isa = PBXFileReference; lastKnownFileType = image.jpeg; path = gophertiles_097.jpg; sourceTree = "<group>"; };
		B2E6FE701AC2EFA200D557D8 /* gophertiles_098.jpg */ = {isa = PBXFileReference; lastKnownFileType = image.jpeg; path = gophertiles_098.jpg; sourceTree = "<group>"; };
		B2E6FE711AC2EFA200D557D8 /* gophertiles_099.jpg */ = {isa = PBXFileReference; lastKnownFileType = image.jpeg; path = gophertiles_099.jpg; sourceTree = "<group>"; };
		B2E6FE721AC2EFA200D557D8 /* gophertiles_100.jpg */ = {isa = PBXFileReference; lastKnownFileType = image.jpeg; path = gophertiles_100.jpg; sourceTree = "<group>"; };
		B2E6FE731AC2EFA200D557D8 /* gophertiles_101.jpg */ = {isa = PBXFileReference; lastKnownFileType = image.jpeg; path = gophertiles_101.jpg; sourceTree = "<group>"; };
		B2E6FE741AC2EFA200D557D8 /* gophertiles_102.jpg */ = {isa = PBXFileReference; lastKnownFileType = image.jpeg; path = gophertiles_102.jpg; sourceTree = "<group>"; };
		B2E6FE751AC2EFA200D557D8 /* gophertiles_103.jpg */ = {isa = PBXFileReference; lastKnownFileType = image.jpeg; path = gophertiles_103.jpg; sourceTree = "<group>"; };
		B2E6FE761AC2EFA200D557D8 /* gophertiles_104.jpg */ = {isa = PBXFileReference; lastKnownFileType = image.jpeg; path = gophertiles_104.jpg; sourceTree = "<group>"; };
		B2E6FE771AC2EFA200D557D8 /* gophertiles_105.jpg */ = {isa = PBXFileReference; lastKnownFileType = image.jpeg; path = gophertiles_105.jpg; sourceTree = "<group>"; };
		B2E6FE781AC2EFA200D557D8 /* gophertiles_106.jpg */ = {isa = PBXFileReference; lastKnownFileType = image.jpeg; path = gophertiles_106.jpg; sourceTree = "<group>"; };
		B2E6FE791AC2EFA200D557D8 /* gophertiles_107.jpg */ = {isa = PBXFileReference; lastKnownFileType = image.jpeg; path = gophertiles_107.jpg; sourceTree = "<group>"; };
		B2E6FE7A1AC2EFA200D557D8 /* gophertiles_108.jpg */ = {isa = PBXFileReference; lastKnownFileType = image.jpeg; path = gophertiles_108.jpg; sourceTree = "<group>"; };
		B2E6FE7B1AC2EFA200D557D8 /* gophertiles_109.jpg */ = {isa = PBXFileReference; lastKnownFileType = image.jpeg; path = gophertiles_109.jpg; sourceTree = "<group>"; };
		B2E6FE7C1AC2EFA200D557D8 /* gophertiles_110.jpg */ = {isa = PBXFileReference; lastKnownFileType = image.jpeg; path = gophertiles_110.jpg; sourceTree = "<group>"; };
		B2E6FE7D1AC2EFA200D557D8 /* gophertiles_111.jpg */ = {isa = PBXFileReference; lastKnownFileType = image.jpeg; path = gophertiles_111.jpg; sourceTree = "<group>"; };
		B2E6FE7E1AC2EFA200D557D8 /* gophertiles_112.jpg */ = {isa = PBXFileReference; lastKnownFileType = image.jpeg; path = gophertiles_112.jpg; sourceTree = "<group>"; };
		B2E6FE7F1AC2EFA200D557D8 /* gophertiles_113.jpg */ = {isa = PBXFileReference; lastKnownFileType = image.jpeg; path = gophertiles_113.jpg; sourceTree = "<group>"; };
		B2E6FE801AC2EFA200D557D8 /* gophertiles_114.jpg */ = {isa = PBXFileReference; lastKnownFileType = image.jpeg; path = gophertiles_114.jpg; sourceTree = "<group>"; };
		B2E6FE811AC2EFA200D557D8 /* gophertiles_115.jpg */ = {isa = PBXFileReference; lastKnownFileType = image.jpeg; path = gophertiles_115.jpg; sourceTree = "<group>"; };
		B2E6FE821AC2EFA200D557D8 /* gophertiles_116.jpg */ = {isa = PBXFileReference; lastKnownFileType = image.jpeg; path = gophertiles_116.jpg; sourceTree = "<group>"; };
		B2E6FE831AC2EFA200D557D8 /* gophertiles_117.jpg */ = {isa = PBXFileReference; lastKnownFileType = image.jpeg; path = gophertiles_117.jpg; sourceTree = "<group>"; };
		B2E6FE841AC2EFA200D557D8 /* gophertiles_118.jpg */ = {isa = PBXFileReference; lastKnownFileType = image.jpeg; path = gophertiles_118.jpg; sourceTree = "<group>"; };
		B2E6FE851AC2EFA200D557D8 /* gophertiles_119.jpg */ = {isa = PBXFileReference; lastKnownFileType = image.jpeg; path = gophertiles_119.jpg; sourceTree = "<group>"; };
		B2E6FE861AC2EFA200D557D8 /* gophertiles_120.jpg */ = {isa = PBXFileReference; lastKnownFileType = image.jpeg; path = gophertiles_120.jpg; sourceTree = "<group>"; };
		B2E6FE871AC2EFA200D557D8 /* gophertiles_121.jpg */ = {isa = PBXFileReference; lastKnownFileType = image.jpeg; path = gophertiles_121.jpg; sourceTree = "<group>"; };
		B2E6FE881AC2EFA200D557D8 /* gophertiles_122.jpg */ = {isa = PBXFileReference; lastKnownFileType = image.jpeg; path = gophertiles_122.jpg; sourceTree = "<group>"; };
		B2E6FE891AC2EFA200D557D8 /* gophertiles_123.jpg */ = {isa = PBXFileReference; lastKnownFileType = image.jpeg; path = gophertiles_123.jpg; sourceTree = "<group>"; };
		B2E6FE8A1AC2EFA200D557D8 /* gophertiles_124.jpg */ = {isa = PBXFileReference; lastKnownFileType = image.jpeg; path = gophertiles_124.jpg; sourceTree = "<group>"; };
		B2E6FE8B1AC2EFA200D557D8 /* gophertiles_125.jpg */ = {isa = PBXFileReference; lastKnownFileType = image.jpeg; path = gophertiles_125.jpg; sourceTree = "<group>"; };
		B2E6FE8C1AC2EFA200D557D8 /* gophertiles_126.jpg */ = {isa = PBXFileReference; lastKnownFileType = image.jpeg; path = gophertiles_126.jpg; sourceTree = "<group>"; };
		B2E6FE8D1AC2EFA200D557D8 /* gophertiles_127.jpg */ = {isa = PBXFileReference; lastKnownFileType = image.jpeg; path = gophertiles_127.jpg; sourceTree = "<group>"; };
		B2E6FE8E1AC2EFA200D557D8 /* gophertiles_128.jpg */ = {isa = PBXFileReference; lastKnownFileType = image.jpeg; path = gophertiles_128.jpg; sourceTree = "<group>"; };
		B2E6FE8F1AC2EFA200D557D8 /* gophertiles_129.jpg */ = {isa = PBXFileReference; lastKnownFileType = image.jpeg; path = gophertiles_129.jpg; sourceTree = "<group>"; };
		B2E6FE901AC2EFA200D557D8 /* gophertiles_130.jpg */ = {isa = PBXFileReference; lastKnownFileType = image.jpeg; path = gophertiles_130.jpg; sourceTree = "<group>"; };
		B2E6FE911AC2EFA200D557D8 /* gophertiles_131.jpg */ = {isa = PBXFileReference; lastKnownFileType = image.jpeg; path = gophertiles_131.jpg; sourceTree = "<group>"; };
		B2E6FE921AC2EFA200D557D8 /* gophertiles_132.jpg */ = {isa = PBXFileReference; lastKnownFileType = image.jpeg; path = gophertiles_132.jpg; sourceTree = "<group>"; };
		B2E6FE931AC2EFA200D557D8 /* gophertiles_133.jpg */ = {isa = PBXFileReference; lastKnownFileType = image.jpeg; path = gophertiles_133.jpg; sourceTree = "<group>"; };
		B2E6FE941AC2EFA200D557D8 /* gophertiles_134.jpg */ = {isa = PBXFileReference; lastKnownFileType = image.jpeg; path = gophertiles_134.jpg; sourceTree = "<group>"; };
		B2E6FE951AC2EFA200D557D8 /* gophertiles_135.jpg */ = {isa = PBXFileReference; lastKnownFileType = image.jpeg; path = gophertiles_135.jpg; sourceTree = "<group>"; };
		B2E6FE961AC2EFA200D557D8 /* gophertiles_136.jpg */ = {isa = PBXFileReference; lastKnownFileType = image.jpeg; path = gophertiles_136.jpg; sourceTree = "<group>"; };
		B2E6FE971AC2EFA200D557D8 /* gophertiles_137.jpg */ = {isa = PBXFileReference; lastKnownFileType = image.jpeg; path = gophertiles_137.jpg; sourceTree = "<group>"; };
		B2E6FE981AC2EFA200D557D8 /* gophertiles_138.jpg */ = {isa = PBXFileReference; lastKnownFileType = image.jpeg; path = gophertiles_138.jpg; sourceTree = "<group>"; };
		B2E6FE991AC2EFA200D557D8 /* gophertiles_139.jpg */ = {isa = PBXFileReference; lastKnownFileType = image.jpeg; path = gophertiles_139.jpg; sourceTree = "<group>"; };
		B2E6FE9A1AC2EFA200D557D8 /* gophertiles_140.jpg */ = {isa = PBXFileReference; lastKnownFileType = image.jpeg; path = gophertiles_140.jpg; sourceTree = "<group>"; };
		B2E6FE9B1AC2EFA200D557D8 /* gophertiles_141.jpg */ = {isa = PBXFileReference; lastKnownFileType = image.jpeg; path = gophertiles_141.jpg; sourceTree = "<group>"; };
		B2E6FE9C1AC2EFA200D557D8 /* gophertiles_142.jpg */ = {isa = PBXFileReference; lastKnownFileType = image.jpeg; path = gophertiles_142.jpg; sourceTree = "<group>"; };
		B2E6FE9D1AC2EFA200D557D8 /* gophertiles_143.jpg */ = {isa = PBXFileReference; lastKnownFileType = image.jpeg; path = gophertiles_143.jpg; sourceTree = "<group>"; };
		B2E6FE9E1AC2EFA200D557D8 /* gophertiles_144.jpg */ = {isa = PBXFileReference; lastKnownFileType = image.jpeg; path = gophertiles_144.jpg; sourceTree = "<group>"; };
		B2E6FE9F1AC2EFA200D557D8 /* gophertiles_145.jpg */ = {isa = PBXFileReference; lastKnownFileType = image.jpeg; path = gophertiles_145.jpg; sourceTree = "<group>"; };
		B2E6FEA01AC2EFA200D557D8 /* gophertiles_146.jpg */ = {isa = PBXFileReference; lastKnownFileType = image.jpeg; path = gophertiles_146.jpg; sourceTree = "<group>"; };
		B2E6FEA11AC2EFA200D557D8 /* gophertiles_147.jpg */ = {isa = PBXFileReference; lastKnownFileType = image.jpeg; path = gophertiles_147.jpg; sourceTree = "<group>"; };
		B2E6FEA21AC2EFA200D557D8 /* gophertiles_148.jpg */ = {isa = PBXFileReference; lastKnownFileType = image.jpeg; path = gophertiles_148.jpg; sourceTree = "<group>"; };
		B2E6FEA31AC2EFA200D557D8 /* gophertiles_149.jpg */ = {isa = PBXFileReference; lastKnownFileType = image.jpeg; path = gophertiles_149.jpg; sourceTree = "<group>"; };
		B2E6FEA41AC2EFA200D557D8 /* gophertiles_150.jpg */ = {isa = PBXFileReference; lastKnownFileType = image.jpeg; path = gophertiles_150.jpg; sourceTree = "<group>"; };
		B2E6FEA51AC2EFA200D557D8 /* gophertiles_151.jpg */ = {isa = PBXFileReference; lastKnownFileType = image.jpeg; path = gophertiles_151.jpg; sourceTree = "<group>"; };
		B2E6FEA61AC2EFA200D557D8 /* gophertiles_152.jpg */ = {isa = PBXFileReference; lastKnownFileType = image.jpeg; path = gophertiles_152.jpg; sourceTree = "<group>"; };
		B2E6FEA71AC2EFA200D557D8 /* gophertiles_153.jpg */ = {isa = PBXFileReference; lastKnownFileType = image.jpeg; path = gophertiles_153.jpg; sourceTree = "<group>"; };
		B2E6FEA81AC2EFA200D557D8 /* gophertiles_154.jpg */ = {isa = PBXFileReference; lastKnownFileType = image.jpeg; path = gophertiles_154.jpg; sourceTree = "<group>"; };
		B2E6FEA91AC2EFA200D557D8 /* gophertiles_155.jpg */ = {isa = PBXFileReference; lastKnownFileType = image.jpeg; path = gophertiles_155.jpg; sourceTree = "<group>"; };
		B2E6FEAA1AC2EFA200D557D8 /* gophertiles_156.jpg */ = {isa = PBXFileReference; lastKnownFileType = image.jpeg; path = gophertiles_156.jpg; sourceTree = "<group>"; };
		B2E6FEAB1AC2EFA200D557D8 /* gophertiles_157.jpg */ = {isa = PBXFileReference; lastKnownFileType = image.jpeg; path = gophertiles_157.jpg; sourceTree = "<group>"; };
		B2E6FEAC1AC2EFA200D557D8 /* gophertiles_158.jpg */ = {isa = PBXFileReference; lastKnownFileType = image.jpeg; path = gophertiles_158.jpg; sourceTree = "<group>"; };
		B2E6FEAD1AC2EFA200D557D8 /* gophertiles_159.jpg */ = {isa = PBXFileReference; lastKnownFileType = image.jpeg; path = gophertiles_159.jpg; sourceTree = "<group>"; };
		B2E6FEAE1AC2EFA200D557D8 /* gophertiles_160.jpg */ = {isa = PBXFileReference; lastKnownFileType = image.jpeg; path = gophertiles_160.jpg; sourceTree = "<group>"; };
		B2E6FEAF1AC2EFA200D557D8 /* gophertiles_161.jpg */ = {isa = PBXFileReference; lastKnownFileType = image.jpeg; path = gophertiles_161.jpg; sourceTree = "<group>"; };
		B2E6FEB01AC2EFA200D557D8 /* gophertiles_162.jpg */ = {isa = PBXFileReference; lastKnownFileType = image.jpeg; path = gophertiles_162.jpg; sourceTree = "<group>"; };
		B2E6FEB11AC2EFA200D557D8 /* gophertiles_163.jpg */ = {isa = PBXFileReference; lastKnownFileType = image.jpeg; path = gophertiles_163.jpg; sourceTree = "<group>"; };
		B2E6FEB21AC2EFA200D557D8 /* gophertiles_164.jpg */ = {isa = PBXFileReference; lastKnownFileType = image.jpeg; path = gophertiles_164.jpg; sourceTree = "<group>"; };
		B2E6FEB31AC2EFA200D557D8 /* gophertiles_165.jpg */ = {isa = PBXFileReference; lastKnownFileType = image.jpeg; path = gophertiles_165.jpg; sourceTree = "<group>"; };
		B2E6FEB41AC2EFA200D557D8 /* gophertiles_166.jpg */ = {isa = PBXFileReference; lastKnownFileType = image.jpeg; path = gophertiles_166.jpg; sourceTree = "<group>"; };
		B2E6FEB51AC2EFA300D557D8 /* gophertiles_167.jpg */ = {isa = PBXFileReference; lastKnownFileType = image.jpeg; path = gophertiles_167.jpg; sourceTree = "<group>"; };
		B2E6FEB61AC2EFA300D557D8 /* gophertiles_168.jpg */ = {isa = PBXFileReference; lastKnownFileType = image.jpeg; path = gophertiles_168.jpg; sourceTree = "<group>"; };
		B2E6FEB71AC2EFA300D557D8 /* gophertiles_169.jpg */ = {isa = PBXFileReference; lastKnownFileType = image.jpeg; path = gophertiles_169.jpg; sourceTree = "<group>"; };
		B2E6FEB81AC2EFA300D557D8 /* gophertiles_170.jpg */ = {isa = PBXFileReference; lastKnownFileType = image.jpeg; path = gophertiles_170.jpg; sourceTree = "<group>"; };
		B2E6FEB91AC2EFA300D557D8 /* gophertiles_171.jpg */ = {isa = PBXFileReference; lastKnownFileType = image.jpeg; path = gophertiles_171.jpg; sourceTree = "<group>"; };
		B2E6FEBA1AC2EFA300D557D8 /* gophertiles_172.jpg */ = {isa = PBXFileReference; lastKnownFileType = image.jpeg; path = gophertiles_172.jpg; sourceTree = "<group>"; };
		B2E6FEBB1AC2EFA300D557D8 /* gophertiles_173.jpg */ = {isa = PBXFileReference; lastKnownFileType = image.jpeg; path = gophertiles_173.jpg; sourceTree = "<group>"; };
		B2E6FEBC1AC2EFA300D557D8 /* gophertiles_174.jpg */ = {isa = PBXFileReference; lastKnownFileType = image.jpeg; path = gophertiles_174.jpg; sourceTree = "<group>"; };
		B2E6FEBD1AC2EFA300D557D8 /* gophertiles_175.jpg */ = {isa = PBXFileReference; lastKnownFileType = image.jpeg; path = gophertiles_175.jpg; sourceTree = "<group>"; };
		B2E6FEBE1AC2EFA300D557D8 /* gophertiles_176.jpg */ = {isa = PBXFileReference; lastKnownFileType = image.jpeg; path = gophertiles_176.jpg; sourceTree = "<group>"; };
		B2E6FEBF1AC2EFA300D557D8 /* gophertiles_177.jpg */ = {isa = PBXFileReference; lastKnownFileType = image.jpeg; path = gophertiles_177.jpg; sourceTree = "<group>"; };
		B2E6FEC01AC2EFA300D557D8 /* gophertiles_178.jpg */ = {isa = PBXFileReference; lastKnownFileType = image.jpeg; path = gophertiles_178.jpg; sourceTree = "<group>"; };
		B2E6FEC11AC2EFA300D557D8 /* gophertiles_179.jpg */ = {isa = PBXFileReference; lastKnownFileType = image.jpeg; path = gophertiles_179.jpg; sourceTree = "<group>"; };
		B2E6FEC21AC2EFA300D557D8 /* gophertiles_180.jpg */ = {isa = PBXFileReference; lastKnownFileType = image.jpeg; path = gophertiles_180.jpg; sourceTree = "<group>"; };
		B2E6FEC31AC2EFA300D557D8 /* 004.html */ = {isa = PBXFileReference; fileEncoding = 4; lastKnownFileType = text.html; path = 004.html; sourceTree = "<group>"; };
		B2E6FEC41AC2EFA300D557D8 /* 005.txt */ = {isa = PBXFileReference; fileEncoding = 4; lastKnownFileType = text; path = 005.txt; sourceTree = "<group>"; };
		B2E6FEC61AC2EFA300D557D8 /* 006.css */ = {isa = PBXFileReference; fileEncoding = 4; lastKnownFileType = text.css; path = 006.css; sourceTree = "<group>"; };
		B2E6FEC71AC2EFA300D557D8 /* 006.js */ = {isa = PBXFileReference; fileEncoding = 4; lastKnownFileType = sourcecode.javascript; path = 006.js; sourceTree = "<group>"; };
		B2E6FEC81AC2EFA300D557D8 /* 006.html */ = {isa = PBXFileReference; fileEncoding = 4; lastKnownFileType = text.html; path = 006.html; sourceTree = "<group>"; };
		B2E6FECA1AC2EFA300D557D8 /* 007.py */ = {isa = PBXFileReference; fileEncoding = 4; lastKnownFileType = text.script.python; path = 007.py; sourceTree = "<group>"; };
		B2E6FECB1AC2EFA300D557D8 /* 007.html */ = {isa = PBXFileReference; fileEncoding = 4; lastKnownFileType = text.html; path = 007.html; sourceTree = "<group>"; };
		B2E6FECF1AC2EFA300D557D8 /* 009.py */ = {isa = PBXFileReference; fileEncoding = 4; lastKnownFileType = text.script.python; path = 009.py; sourceTree = "<group>"; };
		B2E6FED11AC2EFA300D557D8 /* empty.txt */ = {isa = PBXFileReference; fileEncoding = 4; lastKnownFileType = text; path = empty.txt; sourceTree = "<group>"; };
		B2E6FED21AC2EFA300D557D8 /* hello.py */ = {isa = PBXFileReference; fileEncoding = 4; lastKnownFileType = text.script.python; path = hello.py; sourceTree = "<group>"; };
		B2E6FED31AC2EFA300D557D8 /* index.html */ = {isa = PBXFileReference; fileEncoding = 4; lastKnownFileType = text.html; path = index.html; sourceTree = "<group>"; };
		B2E6FED41AC2EFA300D557D8 /* necho.py */ = {isa = PBXFileReference; fileEncoding = 4; lastKnownFileType = text.script.python; path = necho.py; sourceTree = "<group>"; };
		B2E6FED51AC2EFA300D557D8 /* upload.py */ = {isa = PBXFileReference; fileEncoding = 4; lastKnownFileType = text.script.python; path = upload.py; sourceTree = "<group>"; };
		B2E6FED61AC2EFA300D557D8 /* xxx-1.0.2a.tar.gz */ = {isa = PBXFileReference; lastKnownFileType = archive.gzip; path = "xxx-1.0.2a.tar.gz"; sourceTree = "<group>"; };
		B2E6FED71AC2EFA300D557D8 /* load-urls-1.txt */ = {isa = PBXFileReference; fileEncoding = 4; lastKnownFileType = text; path = "load-urls-1.txt"; sourceTree = "<group>"; };
		B2E6FED81AC2EFA300D557D8 /* Makefile */ = {isa = PBXFileReference; fileEncoding = 4; lastKnownFileType = sourcecode.make; path = Makefile; sourceTree = "<group>"; };
		B2E6FED91AC2EFA300D557D8 /* test_nghttp_get.sh */ = {isa = PBXFileReference; fileEncoding = 4; lastKnownFileType = text.script.sh; path = test_nghttp_get.sh; sourceTree = "<group>"; };
		B2E6FEDA1AC2EFA300D557D8 /* test_nghttp_post.sh */ = {isa = PBXFileReference; fileEncoding = 4; lastKnownFileType = text.script.sh; path = test_nghttp_post.sh; sourceTree = "<group>"; };
		B2E6FEDB1AC2EFA300D557D8 /* test_common.sh */ = {isa = PBXFileReference; fileEncoding = 4; lastKnownFileType = text.script.sh; path = test_common.sh; sourceTree = "<group>"; };
		B2E6FEDC1AC2F01F00D557D8 /* Makefile.am */ = {isa = PBXFileReference; fileEncoding = 4; lastKnownFileType = text; path = Makefile.am; sourceTree = "<group>"; };
		B2E6FEDD1AC2F20400D557D8 /* h2.conf */ = {isa = PBXFileReference; fileEncoding = 4; lastKnownFileType = text; path = h2.conf; sourceTree = "<group>"; };
		B2E6FEDE1AC2F20400D557D8 /* h2.load */ = {isa = PBXFileReference; fileEncoding = 4; lastKnownFileType = text; path = h2.load; sourceTree = "<group>"; };
		B2E708C81AE64AC00009EDAF /* php-wrapper */ = {isa = PBXFileReference; fileEncoding = 4; lastKnownFileType = text.script.sh; path = "php-wrapper"; sourceTree = "<group>"; };
		B2E708C91AE64B470009EDAF /* info.php */ = {isa = PBXFileReference; fileEncoding = 4; lastKnownFileType = text.script.php; path = info.php; sourceTree = "<group>"; };
		B2FE998E1AA7496B00A5CE5A /* h2_to_h1.c */ = {isa = PBXFileReference; lastKnownFileType = sourcecode.c.c; path = h2_to_h1.c; sourceTree = "<group>"; };
		B2FE998F1AA7496B00A5CE5A /* h2_to_h1.h */ = {isa = PBXFileReference; lastKnownFileType = sourcecode.c.h; path = h2_to_h1.h; sourceTree = "<group>"; };
/* End PBXFileReference section */

/* Begin PBXGroup section */
		B225490A1A6EAAA3004BDEC9 /* mod_h2 */ = {
			isa = PBXGroup;
			children = (
				B20946CC1B2865BB0041992F /* h2_alpn.c */,
				B20946CD1B2865BB0041992F /* h2_alpn.h */,
				B24CB1221AC94D6A0057413B /* h2_alt_svc.c */,
				B24CB1231AC94D6A0057413B /* h2_alt_svc.h */,
				B225490D1A6EAE9F004BDEC9 /* h2_config.c */,
				B225490E1A6EAE9F004BDEC9 /* h2_config.h */,
				B225493A1A711985004BDEC9 /* h2_conn_io.c */,
				B225493B1A711985004BDEC9 /* h2_conn_io.h */,
				B2CB610E1A88BB9F00D270A6 /* h2_conn.c */,
				B2CB610F1A88BB9F00D270A6 /* h2_conn.h */,
				B22549331A6FBEF1004BDEC9 /* h2_ctx.c */,
				B22549341A6FBEF1004BDEC9 /* h2_ctx.h */,
				B2546D971A7FC2A60033A875 /* h2_from_h1.c */,
				B2546D981A7FC2A60033A875 /* h2_from_h1.h */,
				B225491E1A6FB8DF004BDEC9 /* h2_h2.c */,
				B225491F1A6FB8DF004BDEC9 /* h2_h2.h */,
				B271425E1AB9DD59004EF82E /* h2_io_set.c */,
				B271425F1AB9DD59004EF82E /* h2_io_set.h */,
				B27142601AB9DD76004EF82E /* h2_io.c */,
				B27142611AB9DD76004EF82E /* h2_io.h */,
				B27D32E81A9487B4003DBAF4 /* h2_mplx.c */,
				B27D32E91A9487B4003DBAF4 /* h2_mplx.h */,
				B22549371A6FCE13004BDEC9 /* h2_private.h */,
				B2A6EF171A9B598B005DFC5B /* h2_request.c */,
				B2A6EF181A9B598B005DFC5B /* h2_request.h */,
				B2CB61101A8A0FB400D270A6 /* h2_response.c */,
				B2CB61111A8A0FB400D270A6 /* h2_response.h */,
				B22549381A710329004BDEC9 /* h2_session.c */,
				B22549391A710329004BDEC9 /* h2_session.h */,
				B2546D991A81079D0033A875 /* h2_stream_set.c */,
				B2546D9A1A81079D0033A875 /* h2_stream_set.h */,
				B2C16D251A779C55000B2297 /* h2_stream.c */,
				B2C16D261A779C55000B2297 /* h2_stream.h */,
				B284ACC91A7B9DF900C35863 /* h2_task_input.c */,
				B284ACCA1A7B9DF900C35863 /* h2_task_input.h */,
				B2546D8E1A7FA7D70033A875 /* h2_task_output.c */,
				B2546D8F1A7FA7D70033A875 /* h2_task_output.h */,
				B21BFCF91B023B840031EBCD /* h2_task_queue.c */,
				B21BFCFA1B023B840031EBCD /* h2_task_queue.h */,
				B2546D881A7F71F80033A875 /* h2_task.c */,
				B2546D891A7F71F80033A875 /* h2_task.h */,
				B2FE998E1AA7496B00A5CE5A /* h2_to_h1.c */,
				B2FE998F1AA7496B00A5CE5A /* h2_to_h1.h */,
				B2A6EF281A9C79A6005DFC5B /* h2_upgrade.c */,
				B2A6EF291A9C79A6005DFC5B /* h2_upgrade.h */,
				B225493C1A713D18004BDEC9 /* h2_util.c */,
				B225493D1A713D18004BDEC9 /* h2_util.h */,
				B2AABE611AC5A9B400A90B72 /* h2_version.h.in */,
				B2CB61141A8B698A00D270A6 /* h2_worker.c */,
				B2CB61151A8B698A00D270A6 /* h2_worker.h */,
				B2CB61161A8B699E00D270A6 /* h2_workers.c */,
				B2CB61171A8B699E00D270A6 /* h2_workers.h */,
				B2E5D5081AADAD28001FD280 /* Makefile.am */,
				B225490C1A6EAC37004BDEC9 /* mod_h2.c */,
				B22549361A6FCCAA004BDEC9 /* mod_h2.h */,
			);
			path = mod_h2;
			sourceTree = "<group>";
		};
		B27BBD1F1A65757700C58A41 = {
			isa = PBXGroup;
			children = (
				B2E5D7861AAF1F4D001FD280 /* AUTHORS */,
				B2E5D7871AAF1F4D001FD280 /* ChangeLog */,
				B2E5D7841AAEEF8C001FD280 /* configure.ac */,
				B2E5D7881AAF1F4D001FD280 /* COPYING */,
				B2A6EF2C1A9F2452005DFC5B /* DISCUSS */,
				B2A6EF2A1A9E3A93005DFC5B /* INSTALL */,
				B22D25281AA89A0B0041D8E5 /* LICENSE */,
				B2E5D7851AAF1D87001FD280 /* Makefile.am */,
				B225490A1A6EAAA3004BDEC9 /* mod_h2 */,
				B2E5D7891AAF1F4D001FD280 /* NEWS */,
				B27BBD2D1A6575C200C58A41 /* README */,
				B256C4BA1ADD5FF10042C760 /* README.md */,
				B2E6DF791AC2EF6E00D557D8 /* sandbox */,
				B2E6DF761AC2E55700D557D8 /* setup */,
			);
			sourceTree = "<group>";
		};
		B2C63B0F1B3BF76B00127D1E /* mods-available */ = {
			isa = PBXGroup;
			children = (
				B2C63B121B3BF7CC00127D1E /* mpm_event.load */,
				B2C63B131B3BF7CC00127D1E /* mpm_prefork.load */,
				B2C63B101B3BF78C00127D1E /* mpm_worker.load */,
			);
			path = "mods-available";
			sourceTree = "<group>";
		};
		B2E6DF761AC2E55700D557D8 /* setup */ = {
			isa = PBXGroup;
			children = (
				B2E6FEDD1AC2F20400D557D8 /* h2.conf */,
				B2E6FEDE1AC2F20400D557D8 /* h2.load */,
				B2E6DF771AC2E55800D557D8 /* Makefile.am */,
				B2E6DF781AC2E6A700D557D8 /* install-config.sh */,
			);
			path = setup;
			sourceTree = "<group>";
		};
		B2E6DF791AC2EF6E00D557D8 /* sandbox */ = {
			isa = PBXGroup;
			children = (
				B2E6DF7A1AC2EF6E00D557D8 /* httpd */,
				B2E6FEDC1AC2F01F00D557D8 /* Makefile.am */,
				B2E6DFA21AC2EF6E00D557D8 /* nghttp2 */,
				B2E6DFA61AC2EF6E00D557D8 /* test */,
			);
			path = sandbox;
			sourceTree = "<group>";
		};
		B2E6DF7A1AC2EF6E00D557D8 /* httpd */ = {
			isa = PBXGroup;
			children = (
				B2E6DF7B1AC2EF6E00D557D8 /* .gitignore */,
				B2E6DF7C1AC2EF6E00D557D8 /* get-openssl-latest.sh */,
				B2E6DF7D1AC2EF6E00D557D8 /* Makefile */,
				B2E6DF9C1AC2EF6E00D557D8 /* packages */,
				B2E6DF9F1AC2EF6E00D557D8 /* patches */,
			);
			path = httpd;
			sourceTree = "<group>";
		};
		B2E6DF9C1AC2EF6E00D557D8 /* packages */ = {
			isa = PBXGroup;
			children = (
				B2E6DF9E1AC2EF6E00D557D8 /* pcre-8.36.tar.gz */,
			);
			path = packages;
			sourceTree = "<group>";
		};
		B2E6DF9F1AC2EF6E00D557D8 /* patches */ = {
			isa = PBXGroup;
			children = (
				B2B170B91B31BF7000EDC007 /* httpd-2.4.12-alpn-v5.patch */,
				B272F2311B1E13D8007A20A5 /* httpd-2.4.x-alpn-v4.patch */,
				B2C6310C1B393CA100127D1E /* httpd-alpn-v4-v5.patch */,
				B227966E1AEE93B000376B40 /* httpd-npn.unified.diff.patch */,
				B2C63B0E1B39421B00127D1E /* openssl-1.0.2-alpn.patch */,
				B20946CE1B29D8C30041992F /* sni_misdirect.patch */,
			);
			path = patches;
			sourceTree = "<group>";
		};
		B2E6DFA21AC2EF6E00D557D8 /* nghttp2 */ = {
			isa = PBXGroup;
			children = (
				B2E6DFA31AC2EF6E00D557D8 /* Makefile */,
				B2E6DFA41AC2EF6E00D557D8 /* patches */,
			);
			path = nghttp2;
			sourceTree = "<group>";
		};
		B2E6DFA41AC2EF6E00D557D8 /* patches */ = {
			isa = PBXGroup;
			children = (
			);
			path = patches;
			sourceTree = "<group>";
		};
		B2E6DFA61AC2EF6E00D557D8 /* test */ = {
			isa = PBXGroup;
			children = (
				B2E708C71AE64AC00009EDAF /* bin */,
				B2E6DFA71AC2EF6E00D557D8 /* clients */,
				B2E6FDF91AC2EFA200D557D8 /* conf */,
				B2E6FE071AC2EFA200D557D8 /* htdocs */,
				B2E6FED71AC2EFA300D557D8 /* load-urls-1.txt */,
				B2E6FED81AC2EFA300D557D8 /* Makefile */,
				B2E6FEDB1AC2EFA300D557D8 /* test_common.sh */,
				B24CB1241AC96BFE0057413B /* test_curl_altsvc.sh */,
				B20E441F1ACC07E8003D21AE /* test_curl_get.sh */,
				B20E44201ACC088E003D21AE /* test_curl_post.sh */,
				B2E6FED91AC2EFA300D557D8 /* test_nghttp_get.sh */,
				B2E6FEDA1AC2EFA300D557D8 /* test_nghttp_post.sh */,
				B20946CA1B25D4430041992F /* test_alt_host.sh */,
			);
			path = test;
			sourceTree = "<group>";
		};
		B2E6DFA71AC2EF6E00D557D8 /* clients */ = {
			isa = PBXGroup;
			children = (
				B2E6FDF81AC2EFA200D557D8 /* Makefile */,
			);
			path = clients;
			sourceTree = "<group>";
		};
		B2E6FDF91AC2EFA200D557D8 /* conf */ = {
			isa = PBXGroup;
			children = (
				B2E6FDFA1AC2EFA200D557D8 /* httpd.conf */,
				B2C63B0F1B3BF76B00127D1E /* mods-available */,
				B2E6FDFB1AC2EFA200D557D8 /* modules.conf */,
				B2E6FDFC1AC2EFA200D557D8 /* sites */,
				B2E6FDFF1AC2EFA200D557D8 /* ssl */,
			);
			path = conf;
			sourceTree = "<group>";
		};
		B2E6FDFC1AC2EFA200D557D8 /* sites */ = {
			isa = PBXGroup;
			children = (
				B2B170B81B316FB100EDC007 /* aaa-noh2.example.org.conf */,
				B2B170B31B2EC73400EDC007 /* test.example.org.conf */,
				B2E6FDFD1AC2EFA200D557D8 /* mod-h2.greenbytes.de.conf */,
				B2C631081B383EA800127D1E /* test-ser.example.org.conf */,
			);
			path = sites;
			sourceTree = "<group>";
		};
		B2E6FDFF1AC2EFA200D557D8 /* ssl */ = {
			isa = PBXGroup;
			children = (
				B2E6FE001AC2EFA200D557D8 /* .gitignore */,
				B2E6FE011AC2EFA200D557D8 /* ca.pem */,
				B2E6FE021AC2EFA200D557D8 /* extensions.conf */,
				B2E6FE031AC2EFA200D557D8 /* mod-h2.greenbytes.de.key */,
				B2E6FE041AC2EFA200D557D8 /* mod-h2.greenbytes.de.pem */,
				B2E6FE051AC2EFA200D557D8 /* test.example.org.x509.input */,
				B2B170B61B303B0C00EDC007 /* noh2.example.org.x509.input */,
			);
			path = ssl;
			sourceTree = "<group>";
		};
		B2E6FE071AC2EFA200D557D8 /* htdocs */ = {
			isa = PBXGroup;
			children = (
				B2E6FE081AC2EFA200D557D8 /* test.example.org */,
			);
			path = htdocs;
			sourceTree = "<group>";
		};
		B2E6FE081AC2EFA200D557D8 /* test.example.org */ = {
			isa = PBXGroup;
			children = (
				B2E6FE091AC2EFA200D557D8 /* 001.html */,
				B2E6FE0A1AC2EFA200D557D8 /* 002.jpg */,
				B2E6FE0B1AC2EFA200D557D8 /* 003 */,
				B2E6FE0D1AC2EFA200D557D8 /* 003.html */,
				B2E6FE0E1AC2EFA200D557D8 /* 004 */,
				B2E6FEC31AC2EFA300D557D8 /* 004.html */,
				B2E6FEC41AC2EFA300D557D8 /* 005.txt */,
				B2E6FEC51AC2EFA300D557D8 /* 006 */,
				B2E6FEC81AC2EFA300D557D8 /* 006.html */,
				B2E6FEC91AC2EFA300D557D8 /* 007 */,
				B2E6FECB1AC2EFA300D557D8 /* 007.html */,
				B2E6FECF1AC2EFA300D557D8 /* 009.py */,
				B2E6FED01AC2EFA300D557D8 /* files */,
				B2E6FED21AC2EFA300D557D8 /* hello.py */,
				B2E6FED31AC2EFA300D557D8 /* index.html */,
				B2E708C91AE64B470009EDAF /* info.php */,
				B2E6FED41AC2EFA300D557D8 /* necho.py */,
				B2E6FED51AC2EFA300D557D8 /* upload.py */,
				B2E6FED61AC2EFA300D557D8 /* xxx-1.0.2a.tar.gz */,
			);
			path = test.example.org;
			sourceTree = "<group>";
		};
		B2E6FE0B1AC2EFA200D557D8 /* 003 */ = {
			isa = PBXGroup;
			children = (
				B2E6FE0C1AC2EFA200D557D8 /* 003_img.jpg */,
			);
			path = 003;
			sourceTree = "<group>";
		};
		B2E6FE0E1AC2EFA200D557D8 /* 004 */ = {
			isa = PBXGroup;
			children = (
				B2E6FE0F1AC2EFA200D557D8 /* gophertiles.jpg */,
				B2E6FE101AC2EFA200D557D8 /* gophertiles_002.jpg */,
				B2E6FE111AC2EFA200D557D8 /* gophertiles_003.jpg */,
				B2E6FE121AC2EFA200D557D8 /* gophertiles_004.jpg */,
				B2E6FE131AC2EFA200D557D8 /* gophertiles_005.jpg */,
				B2E6FE141AC2EFA200D557D8 /* gophertiles_006.jpg */,
				B2E6FE151AC2EFA200D557D8 /* gophertiles_007.jpg */,
				B2E6FE161AC2EFA200D557D8 /* gophertiles_008.jpg */,
				B2E6FE171AC2EFA200D557D8 /* gophertiles_009.jpg */,
				B2E6FE181AC2EFA200D557D8 /* gophertiles_010.jpg */,
				B2E6FE191AC2EFA200D557D8 /* gophertiles_011.jpg */,
				B2E6FE1A1AC2EFA200D557D8 /* gophertiles_012.jpg */,
				B2E6FE1B1AC2EFA200D557D8 /* gophertiles_013.jpg */,
				B2E6FE1C1AC2EFA200D557D8 /* gophertiles_014.jpg */,
				B2E6FE1D1AC2EFA200D557D8 /* gophertiles_015.jpg */,
				B2E6FE1E1AC2EFA200D557D8 /* gophertiles_016.jpg */,
				B2E6FE1F1AC2EFA200D557D8 /* gophertiles_017.jpg */,
				B2E6FE201AC2EFA200D557D8 /* gophertiles_018.jpg */,
				B2E6FE211AC2EFA200D557D8 /* gophertiles_019.jpg */,
				B2E6FE221AC2EFA200D557D8 /* gophertiles_020.jpg */,
				B2E6FE231AC2EFA200D557D8 /* gophertiles_021.jpg */,
				B2E6FE241AC2EFA200D557D8 /* gophertiles_022.jpg */,
				B2E6FE251AC2EFA200D557D8 /* gophertiles_023.jpg */,
				B2E6FE261AC2EFA200D557D8 /* gophertiles_024.jpg */,
				B2E6FE271AC2EFA200D557D8 /* gophertiles_025.jpg */,
				B2E6FE281AC2EFA200D557D8 /* gophertiles_026.jpg */,
				B2E6FE291AC2EFA200D557D8 /* gophertiles_027.jpg */,
				B2E6FE2A1AC2EFA200D557D8 /* gophertiles_028.jpg */,
				B2E6FE2B1AC2EFA200D557D8 /* gophertiles_029.jpg */,
				B2E6FE2C1AC2EFA200D557D8 /* gophertiles_030.jpg */,
				B2E6FE2D1AC2EFA200D557D8 /* gophertiles_031.jpg */,
				B2E6FE2E1AC2EFA200D557D8 /* gophertiles_032.jpg */,
				B2E6FE2F1AC2EFA200D557D8 /* gophertiles_033.jpg */,
				B2E6FE301AC2EFA200D557D8 /* gophertiles_034.jpg */,
				B2E6FE311AC2EFA200D557D8 /* gophertiles_035.jpg */,
				B2E6FE321AC2EFA200D557D8 /* gophertiles_036.jpg */,
				B2E6FE331AC2EFA200D557D8 /* gophertiles_037.jpg */,
				B2E6FE341AC2EFA200D557D8 /* gophertiles_038.jpg */,
				B2E6FE351AC2EFA200D557D8 /* gophertiles_039.jpg */,
				B2E6FE361AC2EFA200D557D8 /* gophertiles_040.jpg */,
				B2E6FE371AC2EFA200D557D8 /* gophertiles_041.jpg */,
				B2E6FE381AC2EFA200D557D8 /* gophertiles_042.jpg */,
				B2E6FE391AC2EFA200D557D8 /* gophertiles_043.jpg */,
				B2E6FE3A1AC2EFA200D557D8 /* gophertiles_044.jpg */,
				B2E6FE3B1AC2EFA200D557D8 /* gophertiles_045.jpg */,
				B2E6FE3C1AC2EFA200D557D8 /* gophertiles_046.jpg */,
				B2E6FE3D1AC2EFA200D557D8 /* gophertiles_047.jpg */,
				B2E6FE3E1AC2EFA200D557D8 /* gophertiles_048.jpg */,
				B2E6FE3F1AC2EFA200D557D8 /* gophertiles_049.jpg */,
				B2E6FE401AC2EFA200D557D8 /* gophertiles_050.jpg */,
				B2E6FE411AC2EFA200D557D8 /* gophertiles_051.jpg */,
				B2E6FE421AC2EFA200D557D8 /* gophertiles_052.jpg */,
				B2E6FE431AC2EFA200D557D8 /* gophertiles_053.jpg */,
				B2E6FE441AC2EFA200D557D8 /* gophertiles_054.jpg */,
				B2E6FE451AC2EFA200D557D8 /* gophertiles_055.jpg */,
				B2E6FE461AC2EFA200D557D8 /* gophertiles_056.jpg */,
				B2E6FE471AC2EFA200D557D8 /* gophertiles_057.jpg */,
				B2E6FE481AC2EFA200D557D8 /* gophertiles_058.jpg */,
				B2E6FE491AC2EFA200D557D8 /* gophertiles_059.jpg */,
				B2E6FE4A1AC2EFA200D557D8 /* gophertiles_060.jpg */,
				B2E6FE4B1AC2EFA200D557D8 /* gophertiles_061.jpg */,
				B2E6FE4C1AC2EFA200D557D8 /* gophertiles_062.jpg */,
				B2E6FE4D1AC2EFA200D557D8 /* gophertiles_063.jpg */,
				B2E6FE4E1AC2EFA200D557D8 /* gophertiles_064.jpg */,
				B2E6FE4F1AC2EFA200D557D8 /* gophertiles_065.jpg */,
				B2E6FE501AC2EFA200D557D8 /* gophertiles_066.jpg */,
				B2E6FE511AC2EFA200D557D8 /* gophertiles_067.jpg */,
				B2E6FE521AC2EFA200D557D8 /* gophertiles_068.jpg */,
				B2E6FE531AC2EFA200D557D8 /* gophertiles_069.jpg */,
				B2E6FE541AC2EFA200D557D8 /* gophertiles_070.jpg */,
				B2E6FE551AC2EFA200D557D8 /* gophertiles_071.jpg */,
				B2E6FE561AC2EFA200D557D8 /* gophertiles_072.jpg */,
				B2E6FE571AC2EFA200D557D8 /* gophertiles_073.jpg */,
				B2E6FE581AC2EFA200D557D8 /* gophertiles_074.jpg */,
				B2E6FE591AC2EFA200D557D8 /* gophertiles_075.jpg */,
				B2E6FE5A1AC2EFA200D557D8 /* gophertiles_076.jpg */,
				B2E6FE5B1AC2EFA200D557D8 /* gophertiles_077.jpg */,
				B2E6FE5C1AC2EFA200D557D8 /* gophertiles_078.jpg */,
				B2E6FE5D1AC2EFA200D557D8 /* gophertiles_079.jpg */,
				B2E6FE5E1AC2EFA200D557D8 /* gophertiles_080.jpg */,
				B2E6FE5F1AC2EFA200D557D8 /* gophertiles_081.jpg */,
				B2E6FE601AC2EFA200D557D8 /* gophertiles_082.jpg */,
				B2E6FE611AC2EFA200D557D8 /* gophertiles_083.jpg */,
				B2E6FE621AC2EFA200D557D8 /* gophertiles_084.jpg */,
				B2E6FE631AC2EFA200D557D8 /* gophertiles_085.jpg */,
				B2E6FE641AC2EFA200D557D8 /* gophertiles_086.jpg */,
				B2E6FE651AC2EFA200D557D8 /* gophertiles_087.jpg */,
				B2E6FE661AC2EFA200D557D8 /* gophertiles_088.jpg */,
				B2E6FE671AC2EFA200D557D8 /* gophertiles_089.jpg */,
				B2E6FE681AC2EFA200D557D8 /* gophertiles_090.jpg */,
				B2E6FE691AC2EFA200D557D8 /* gophertiles_091.jpg */,
				B2E6FE6A1AC2EFA200D557D8 /* gophertiles_092.jpg */,
				B2E6FE6B1AC2EFA200D557D8 /* gophertiles_093.jpg */,
				B2E6FE6C1AC2EFA200D557D8 /* gophertiles_094.jpg */,
				B2E6FE6D1AC2EFA200D557D8 /* gophertiles_095.jpg */,
				B2E6FE6E1AC2EFA200D557D8 /* gophertiles_096.jpg */,
				B2E6FE6F1AC2EFA200D557D8 /* gophertiles_097.jpg */,
				B2E6FE701AC2EFA200D557D8 /* gophertiles_098.jpg */,
				B2E6FE711AC2EFA200D557D8 /* gophertiles_099.jpg */,
				B2E6FE721AC2EFA200D557D8 /* gophertiles_100.jpg */,
				B2E6FE731AC2EFA200D557D8 /* gophertiles_101.jpg */,
				B2E6FE741AC2EFA200D557D8 /* gophertiles_102.jpg */,
				B2E6FE751AC2EFA200D557D8 /* gophertiles_103.jpg */,
				B2E6FE761AC2EFA200D557D8 /* gophertiles_104.jpg */,
				B2E6FE771AC2EFA200D557D8 /* gophertiles_105.jpg */,
				B2E6FE781AC2EFA200D557D8 /* gophertiles_106.jpg */,
				B2E6FE791AC2EFA200D557D8 /* gophertiles_107.jpg */,
				B2E6FE7A1AC2EFA200D557D8 /* gophertiles_108.jpg */,
				B2E6FE7B1AC2EFA200D557D8 /* gophertiles_109.jpg */,
				B2E6FE7C1AC2EFA200D557D8 /* gophertiles_110.jpg */,
				B2E6FE7D1AC2EFA200D557D8 /* gophertiles_111.jpg */,
				B2E6FE7E1AC2EFA200D557D8 /* gophertiles_112.jpg */,
				B2E6FE7F1AC2EFA200D557D8 /* gophertiles_113.jpg */,
				B2E6FE801AC2EFA200D557D8 /* gophertiles_114.jpg */,
				B2E6FE811AC2EFA200D557D8 /* gophertiles_115.jpg */,
				B2E6FE821AC2EFA200D557D8 /* gophertiles_116.jpg */,
				B2E6FE831AC2EFA200D557D8 /* gophertiles_117.jpg */,
				B2E6FE841AC2EFA200D557D8 /* gophertiles_118.jpg */,
				B2E6FE851AC2EFA200D557D8 /* gophertiles_119.jpg */,
				B2E6FE861AC2EFA200D557D8 /* gophertiles_120.jpg */,
				B2E6FE871AC2EFA200D557D8 /* gophertiles_121.jpg */,
				B2E6FE881AC2EFA200D557D8 /* gophertiles_122.jpg */,
				B2E6FE891AC2EFA200D557D8 /* gophertiles_123.jpg */,
				B2E6FE8A1AC2EFA200D557D8 /* gophertiles_124.jpg */,
				B2E6FE8B1AC2EFA200D557D8 /* gophertiles_125.jpg */,
				B2E6FE8C1AC2EFA200D557D8 /* gophertiles_126.jpg */,
				B2E6FE8D1AC2EFA200D557D8 /* gophertiles_127.jpg */,
				B2E6FE8E1AC2EFA200D557D8 /* gophertiles_128.jpg */,
				B2E6FE8F1AC2EFA200D557D8 /* gophertiles_129.jpg */,
				B2E6FE901AC2EFA200D557D8 /* gophertiles_130.jpg */,
				B2E6FE911AC2EFA200D557D8 /* gophertiles_131.jpg */,
				B2E6FE921AC2EFA200D557D8 /* gophertiles_132.jpg */,
				B2E6FE931AC2EFA200D557D8 /* gophertiles_133.jpg */,
				B2E6FE941AC2EFA200D557D8 /* gophertiles_134.jpg */,
				B2E6FE951AC2EFA200D557D8 /* gophertiles_135.jpg */,
				B2E6FE961AC2EFA200D557D8 /* gophertiles_136.jpg */,
				B2E6FE971AC2EFA200D557D8 /* gophertiles_137.jpg */,
				B2E6FE981AC2EFA200D557D8 /* gophertiles_138.jpg */,
				B2E6FE991AC2EFA200D557D8 /* gophertiles_139.jpg */,
				B2E6FE9A1AC2EFA200D557D8 /* gophertiles_140.jpg */,
				B2E6FE9B1AC2EFA200D557D8 /* gophertiles_141.jpg */,
				B2E6FE9C1AC2EFA200D557D8 /* gophertiles_142.jpg */,
				B2E6FE9D1AC2EFA200D557D8 /* gophertiles_143.jpg */,
				B2E6FE9E1AC2EFA200D557D8 /* gophertiles_144.jpg */,
				B2E6FE9F1AC2EFA200D557D8 /* gophertiles_145.jpg */,
				B2E6FEA01AC2EFA200D557D8 /* gophertiles_146.jpg */,
				B2E6FEA11AC2EFA200D557D8 /* gophertiles_147.jpg */,
				B2E6FEA21AC2EFA200D557D8 /* gophertiles_148.jpg */,
				B2E6FEA31AC2EFA200D557D8 /* gophertiles_149.jpg */,
				B2E6FEA41AC2EFA200D557D8 /* gophertiles_150.jpg */,
				B2E6FEA51AC2EFA200D557D8 /* gophertiles_151.jpg */,
				B2E6FEA61AC2EFA200D557D8 /* gophertiles_152.jpg */,
				B2E6FEA71AC2EFA200D557D8 /* gophertiles_153.jpg */,
				B2E6FEA81AC2EFA200D557D8 /* gophertiles_154.jpg */,
				B2E6FEA91AC2EFA200D557D8 /* gophertiles_155.jpg */,
				B2E6FEAA1AC2EFA200D557D8 /* gophertiles_156.jpg */,
				B2E6FEAB1AC2EFA200D557D8 /* gophertiles_157.jpg */,
				B2E6FEAC1AC2EFA200D557D8 /* gophertiles_158.jpg */,
				B2E6FEAD1AC2EFA200D557D8 /* gophertiles_159.jpg */,
				B2E6FEAE1AC2EFA200D557D8 /* gophertiles_160.jpg */,
				B2E6FEAF1AC2EFA200D557D8 /* gophertiles_161.jpg */,
				B2E6FEB01AC2EFA200D557D8 /* gophertiles_162.jpg */,
				B2E6FEB11AC2EFA200D557D8 /* gophertiles_163.jpg */,
				B2E6FEB21AC2EFA200D557D8 /* gophertiles_164.jpg */,
				B2E6FEB31AC2EFA200D557D8 /* gophertiles_165.jpg */,
				B2E6FEB41AC2EFA200D557D8 /* gophertiles_166.jpg */,
				B2E6FEB51AC2EFA300D557D8 /* gophertiles_167.jpg */,
				B2E6FEB61AC2EFA300D557D8 /* gophertiles_168.jpg */,
				B2E6FEB71AC2EFA300D557D8 /* gophertiles_169.jpg */,
				B2E6FEB81AC2EFA300D557D8 /* gophertiles_170.jpg */,
				B2E6FEB91AC2EFA300D557D8 /* gophertiles_171.jpg */,
				B2E6FEBA1AC2EFA300D557D8 /* gophertiles_172.jpg */,
				B2E6FEBB1AC2EFA300D557D8 /* gophertiles_173.jpg */,
				B2E6FEBC1AC2EFA300D557D8 /* gophertiles_174.jpg */,
				B2E6FEBD1AC2EFA300D557D8 /* gophertiles_175.jpg */,
				B2E6FEBE1AC2EFA300D557D8 /* gophertiles_176.jpg */,
				B2E6FEBF1AC2EFA300D557D8 /* gophertiles_177.jpg */,
				B2E6FEC01AC2EFA300D557D8 /* gophertiles_178.jpg */,
				B2E6FEC11AC2EFA300D557D8 /* gophertiles_179.jpg */,
				B2E6FEC21AC2EFA300D557D8 /* gophertiles_180.jpg */,
			);
			path = 004;
			sourceTree = "<group>";
		};
		B2E6FEC51AC2EFA300D557D8 /* 006 */ = {
			isa = PBXGroup;
			children = (
				B2E6FEC61AC2EFA300D557D8 /* 006.css */,
				B2E6FEC71AC2EFA300D557D8 /* 006.js */,
			);
			path = 006;
			sourceTree = "<group>";
		};
		B2E6FEC91AC2EFA300D557D8 /* 007 */ = {
			isa = PBXGroup;
			children = (
				B2E6FECA1AC2EFA300D557D8 /* 007.py */,
			);
			path = 007;
			sourceTree = "<group>";
		};
		B2E6FED01AC2EFA300D557D8 /* files */ = {
			isa = PBXGroup;
			children = (
				B2E6FED11AC2EFA300D557D8 /* empty.txt */,
			);
			path = files;
			sourceTree = "<group>";
		};
		B2E708C71AE64AC00009EDAF /* bin */ = {
			isa = PBXGroup;
			children = (
				B2E708C81AE64AC00009EDAF /* php-wrapper */,
				B2B170B41B2F02C100EDC007 /* testrun */,
			);
			path = bin;
			sourceTree = "<group>";
		};
/* End PBXGroup section */

/* Begin PBXLegacyTarget section */
		B2546D8A1A7F76FA0033A875 /* mod_h2 make */ = {
			isa = PBXLegacyTarget;
			buildArgumentsString = "$(ACTION) APXS=../gen/install/bin/apxs";
			buildConfigurationList = B2546D8B1A7F76FA0033A875 /* Build configuration list for PBXLegacyTarget "mod_h2 make" */;
			buildPhases = (
			);
			buildToolPath = /usr/bin/make;
			buildWorkingDirectory = "/Users/sei/projects/mod-h2/mod_h2";
			dependencies = (
			);
			name = "mod_h2 make";
			passBuildSettingsInEnvironment = 1;
			productName = "mod_h2 make";
		};
/* End PBXLegacyTarget section */

/* Begin PBXProject section */
		B27BBD201A65757700C58A41 /* Project object */ = {
			isa = PBXProject;
			attributes = {
				LastUpgradeCheck = 0600;
				TargetAttributes = {
					B2546D8A1A7F76FA0033A875 = {
						CreatedOnToolsVersion = 6.0;
					};
				};
			};
			buildConfigurationList = B27BBD231A65757700C58A41 /* Build configuration list for PBXProject "mod-h2" */;
			compatibilityVersion = "Xcode 3.2";
			developmentRegion = English;
			hasScannedForEncodings = 0;
			knownRegions = (
				en,
			);
			mainGroup = B27BBD1F1A65757700C58A41;
			projectDirPath = "";
			projectRoot = "";
			targets = (
				B2546D8A1A7F76FA0033A875 /* mod_h2 make */,
			);
		};
/* End PBXProject section */

/* Begin XCBuildConfiguration section */
		B2546D8C1A7F76FA0033A875 /* Debug */ = {
			isa = XCBuildConfiguration;
			buildSettings = {
				ALWAYS_SEARCH_USER_PATHS = NO;
				CLANG_CXX_LANGUAGE_STANDARD = "gnu++0x";
				CLANG_CXX_LIBRARY = "libc++";
				CLANG_ENABLE_MODULES = YES;
				CLANG_ENABLE_OBJC_ARC = YES;
				CLANG_WARN_BOOL_CONVERSION = YES;
				CLANG_WARN_CONSTANT_CONVERSION = YES;
				CLANG_WARN_DIRECT_OBJC_ISA_USAGE = YES_ERROR;
				CLANG_WARN_EMPTY_BODY = YES;
				CLANG_WARN_ENUM_CONVERSION = YES;
				CLANG_WARN_INT_CONVERSION = YES;
				CLANG_WARN_OBJC_ROOT_CLASS = YES_ERROR;
				CLANG_WARN_UNREACHABLE_CODE = YES;
				CLANG_WARN__DUPLICATE_METHOD_MATCH = YES;
				COPY_PHASE_STRIP = NO;
				DEBUGGING_SYMBOLS = YES;
				ENABLE_STRICT_OBJC_MSGSEND = YES;
				GCC_C_LANGUAGE_STANDARD = gnu99;
				GCC_DYNAMIC_NO_PIC = NO;
				GCC_GENERATE_DEBUGGING_SYMBOLS = YES;
				GCC_OPTIMIZATION_LEVEL = 0;
				GCC_PREPROCESSOR_DEFINITIONS = (
					"DEBUG=1",
					"$(inherited)",
				);
				GCC_SYMBOLS_PRIVATE_EXTERN = NO;
				GCC_WARN_64_TO_32_BIT_CONVERSION = YES;
				GCC_WARN_ABOUT_RETURN_TYPE = YES_ERROR;
				GCC_WARN_UNDECLARED_SELECTOR = YES;
				GCC_WARN_UNINITIALIZED_AUTOS = YES_AGGRESSIVE;
				GCC_WARN_UNUSED_FUNCTION = YES;
				GCC_WARN_UNUSED_VARIABLE = YES;
				MACOSX_DEPLOYMENT_TARGET = 10.9;
				MTL_ENABLE_DEBUG_INFO = YES;
				ONLY_ACTIVE_ARCH = YES;
				OTHER_CFLAGS = "";
				OTHER_LDFLAGS = "";
				PRODUCT_NAME = "$(TARGET_NAME)";
				SDKROOT = macosx;
			};
			name = Debug;
		};
		B2546D8D1A7F76FA0033A875 /* Release */ = {
			isa = XCBuildConfiguration;
			buildSettings = {
				ALWAYS_SEARCH_USER_PATHS = NO;
				CLANG_CXX_LANGUAGE_STANDARD = "gnu++0x";
				CLANG_CXX_LIBRARY = "libc++";
				CLANG_ENABLE_MODULES = YES;
				CLANG_ENABLE_OBJC_ARC = YES;
				CLANG_WARN_BOOL_CONVERSION = YES;
				CLANG_WARN_CONSTANT_CONVERSION = YES;
				CLANG_WARN_DIRECT_OBJC_ISA_USAGE = YES_ERROR;
				CLANG_WARN_EMPTY_BODY = YES;
				CLANG_WARN_ENUM_CONVERSION = YES;
				CLANG_WARN_INT_CONVERSION = YES;
				CLANG_WARN_OBJC_ROOT_CLASS = YES_ERROR;
				CLANG_WARN_UNREACHABLE_CODE = YES;
				CLANG_WARN__DUPLICATE_METHOD_MATCH = YES;
				COPY_PHASE_STRIP = YES;
				DEBUG_INFORMATION_FORMAT = "dwarf-with-dsym";
				ENABLE_NS_ASSERTIONS = NO;
				ENABLE_STRICT_OBJC_MSGSEND = YES;
				GCC_C_LANGUAGE_STANDARD = gnu99;
				GCC_WARN_64_TO_32_BIT_CONVERSION = YES;
				GCC_WARN_ABOUT_RETURN_TYPE = YES_ERROR;
				GCC_WARN_UNDECLARED_SELECTOR = YES;
				GCC_WARN_UNINITIALIZED_AUTOS = YES_AGGRESSIVE;
				GCC_WARN_UNUSED_FUNCTION = YES;
				GCC_WARN_UNUSED_VARIABLE = YES;
				MACOSX_DEPLOYMENT_TARGET = 10.9;
				MTL_ENABLE_DEBUG_INFO = NO;
				OTHER_CFLAGS = "";
				OTHER_LDFLAGS = "";
				PRODUCT_NAME = "$(TARGET_NAME)";
				SDKROOT = macosx;
			};
			name = Release;
		};
		B27BBD241A65757700C58A41 /* Debug */ = {
			isa = XCBuildConfiguration;
			buildSettings = {
				BuildMake = "";
				MACOSX_DEPLOYMENT_TARGET = 10.9;
			};
			name = Debug;
		};
		B27BBD251A65757700C58A41 /* Release */ = {
			isa = XCBuildConfiguration;
			buildSettings = {
				BuildMake = "";
				MACOSX_DEPLOYMENT_TARGET = 10.9;
			};
			name = Release;
		};
/* End XCBuildConfiguration section */

/* Begin XCConfigurationList section */
		B2546D8B1A7F76FA0033A875 /* Build configuration list for PBXLegacyTarget "mod_h2 make" */ = {
			isa = XCConfigurationList;
			buildConfigurations = (
				B2546D8C1A7F76FA0033A875 /* Debug */,
				B2546D8D1A7F76FA0033A875 /* Release */,
			);
			defaultConfigurationIsVisible = 0;
			defaultConfigurationName = Release;
		};
		B27BBD231A65757700C58A41 /* Build configuration list for PBXProject "mod-h2" */ = {
			isa = XCConfigurationList;
			buildConfigurations = (
				B27BBD241A65757700C58A41 /* Debug */,
				B27BBD251A65757700C58A41 /* Release */,
			);
			defaultConfigurationIsVisible = 0;
			defaultConfigurationName = Release;
		};
/* End XCConfigurationList section */
	};
	rootObject = B27BBD201A65757700C58A41 /* Project object */;
}
